{
  "object": {
    "pins": [
      {
        "package": "Alamofire",
        "repositoryURL": "https://github.com/Alamofire/Alamofire",
        "state": {
          "branch": null,
          "revision": "75bba56748359f297a83f620d45f72cf4ebee4e7",
          "version": "4.8.2"
        }
      },
      {
        "package": "Cache",
        "repositoryURL": "https://github.com/Igor-Palaguta/Cache",
        "state": {
          "branch": null,
          "revision": "560f00a9a9549db161ca70d96eed74fc580b03e3",
          "version": null
        }
      },
      {
        "package": "Cobalt",
        "repositoryURL": "https://github.com/e-sites/Cobalt",
        "state": {
          "branch": null,
          "revision": "fc459b1eb4b18feb7bb68b349441b478d6b0c13a",
          "version": "5.8.2"
        }
      },
      {
        "package": "CryptoSwift",
        "repositoryURL": "https://github.com/krzyzanowskim/CryptoSwift",
        "state": {
          "branch": null,
          "revision": "3a2acbb32ab68215ee1596ee6004da8e90c3721b",
          "version": "1.0.0"
        }
      },
      {
        "package": "Einsteinium",
        "repositoryURL": "https://github.com/e-sites/Einsteinium",
        "state": {
          "branch": "master",
          "revision": "05c6b7bfeba456ea88fc35f53c03e6aad1db6a2d",
          "version": null
        }
      },
      {
        "package": "Erbium",
        "repositoryURL": "https://github.com/e-sites/Erbium",
        "state": {
          "branch": "master",
          "revision": "15bbf1243c69161674988db51eda7d61932d799d",
          "version": null
        }
      },
      {
        "package": "KeychainAccess",
        "repositoryURL": "https://github.com/kishikawakatsumi/KeychainAccess",
        "state": {
          "branch": null,
          "revision": "0046db4ab8fd7be31a59e57912dbb96639ad8ce9",
          "version": "3.2.0"
        }
      },
      {
        "package": "Mockingjay",
        "repositoryURL": "https://github.com/e-sites/Mockingjay",
        "state": {
          "branch": "master",
          "revision": "496b7859898732364e7e7b7d16cd124843c69f42",
          "version": null
        }
      },
      {
        "package": "Nimble",
        "repositoryURL": "https://github.com/Quick/Nimble",
        "state": {
          "branch": null,
          "revision": "43304bf2b1579fd555f2fdd51742771c1e4f2b98",
          "version": "8.0.1"
        }
      },
      {
        "package": "Promises",
        "repositoryURL": "https://github.com/google/promises",
        "state": {
          "branch": null,
          "revision": "6b6f4fe3385ed37389fb231bc40be81de2f1230f",
          "version": "1.2.8"
        }
      },
      {
        "package": "RxSwift",
        "repositoryURL": "https://github.com/ReactiveX/RxSwift",
        "state": {
          "branch": null,
          "revision": "b3e888b4972d9bc76495dd74d30a8c7fad4b9395",
          "version": "5.0.1"
        }
      },
      {
        "package": "SwiftyJSON",
        "repositoryURL": "https://github.com/SwiftyJSON/SwiftyJSON",
        "state": {
          "branch": null,
          "revision": "2b6054efa051565954e1d2b9da831680026cd768",
          "version": "5.0.0"
        }
      }
    ]
  },
  "version": 1
}
