{
  "object": {
    "pins": [
      {
        "package": "Alamofire",
        "repositoryURL": "https://github.com/Alamofire/Alamofire",
        "state": {
          "branch": null,
          "revision": "ce5be6fbc6f51414c49f56fc8e2b7c99253d9f8e",
          "version": "4.9.0"
        }
      },
      {
        "package": "Cobalt",
        "repositoryURL": "https://github.com/e-sites/Cobalt.git",
        "state": {
          "branch": null,
          "revision": "56aa06264c4ade7621304ca5c09436be1e3e6571",
          "version": "5.9.8"
        }
      },
      {
        "package": "CryptoSwift",
        "repositoryURL": "https://github.com/krzyzanowskim/CryptoSwift.git",
        "state": {
          "branch": null,
          "revision": "3a2acbb32ab68215ee1596ee6004da8e90c3721b",
          "version": "1.0.0"
        }
      },
      {
        "package": "CwlCatchException",
        "repositoryURL": "https://github.com/mattgallagher/CwlCatchException.git",
        "state": {
          "branch": null,
          "revision": "f809deb30dc5c9d9b78c872e553261a61177721a",
          "version": "2.0.0-beta.1"
        }
      },
      {
        "package": "CwlPreconditionTesting",
        "repositoryURL": "https://github.com/mattgallagher/CwlPreconditionTesting.git",
        "state": {
          "branch": null,
          "revision": "ea422878db4e680069af320ac444183628360ab1",
          "version": "2.0.0-beta.1"
        }
      },
      {
        "package": "Einsteinium",
        "repositoryURL": "https://github.com/e-sites/Einsteinium.git",
        "state": {
          "branch": null,
          "revision": "68aa1fddb8c877f8fed82e89bd2e681151b4bdbb",
          "version": "1.2.2"
        }
      },
      {
        "package": "Erbium",
        "repositoryURL": "https://github.com/e-sites/Erbium.git",
        "state": {
          "branch": null,
          "revision": "36cda1cc5393dbbab659706e410232c4e2d0eb6d",
          "version": "4.4.1"
        }
      },
      {
        "package": "KeychainAccess",
        "repositoryURL": "https://github.com/kishikawakatsumi/KeychainAccess.git",
        "state": {
          "branch": null,
          "revision": "0046db4ab8fd7be31a59e57912dbb96639ad8ce9",
          "version": "3.2.0"
        }
      },
      {
        "package": "Mockingjay",
        "repositoryURL": "https://github.com/e-sites/Mockingjay.git",
        "state": {
          "branch": null,
          "revision": "ab6c75790fa09477ec25f910f53a0603227f840e",
          "version": "2.0.4"
        }
      },
      {
        "package": "Nimble",
        "repositoryURL": "https://github.com/Quick/Nimble.git",
        "state": {
          "branch": "master",
          "revision": "ad5e995a5498cc9beb6fdf38a09a70dc8f1448f2",
          "version": null
        }
      },
      {
        "package": "Promises",
        "repositoryURL": "https://github.com/google/promises.git",
        "state": {
          "branch": null,
          "revision": "6b6f4fe3385ed37389fb231bc40be81de2f1230f",
          "version": "1.2.8"
        }
      },
      {
        "package": "RxSwift",
        "repositoryURL": "https://github.com/ReactiveX/RxSwift.git",
        "state": {
          "branch": null,
          "revision": "b3e888b4972d9bc76495dd74d30a8c7fad4b9395",
          "version": "5.0.1"
        }
      },
      {
        "package": "SwiftyJSON",
        "repositoryURL": "https://github.com/SwiftyJSON/SwiftyJSON.git",
        "state": {
          "branch": null,
          "revision": "2b6054efa051565954e1d2b9da831680026cd768",
          "version": "5.0.0"
        }
      }
    ]
  },
  "version": 1
}
