// !$*UTF8*$!
{
	archiveVersion = 1;
	classes = {
	};
	objectVersion = 48;
	objects = {

/* Begin PBXBuildFile section */
		05D72F91C265F0C69F37D1A659E39485 /* Mockingjay.framework in Accio */ = {isa = PBXBuildFile; fileRef = BDDC893D1D888365270CE7EFCF321B56 /* Mockingjay.framework */; settings = {ATTRIBUTES = (CodeSignOnCopy, ); }; };
		086DE95166E5A077E25F5009B4C63B04 /* Erbium.framework in Frameworks */ = {isa = PBXBuildFile; fileRef = 5613999799AAD8D72775267D0B83325A /* Erbium.framework */; };
		1C92662243180E54A424719507D92D38 /* FBLPromises.framework in Accio */ = {isa = PBXBuildFile; fileRef = F3E07896AF3CD4E81BBA1A93F9973A32 /* FBLPromises.framework */; settings = {ATTRIBUTES = (CodeSignOnCopy, ); }; };
		2148385D0601F47F32F5A0502333E10A /* RxRelay.framework in Frameworks */ = {isa = PBXBuildFile; fileRef = 76031761469D87DBF35370B5A87F9D14 /* RxRelay.framework */; };
		24A882493A384057BAA3EC941DD001F0 /* Nimble.framework in Accio */ = {isa = PBXBuildFile; fileRef = 5A9498B4FF722F6D66456CB41E9403DB /* Nimble.framework */; settings = {ATTRIBUTES = (CodeSignOnCopy, ); }; };
		2A631F73E5C003D29A9D58DD48B2F10F /* RxSwift.framework in Frameworks */ = {isa = PBXBuildFile; fileRef = B8362B96BEC80173C27F17420996AC51 /* RxSwift.framework */; };
		2BFEB5CB9418A8420E02F5790AF07CFC /* Cobalt.framework in Accio */ = {isa = PBXBuildFile; fileRef = 04C5A7EB1451196F362B8D131A217C49 /* Cobalt.framework */; settings = {ATTRIBUTES = (CodeSignOnCopy, ); }; };
		36BAED5E301F3BED6C62F8F05CBF1B9D /* Einsteinium.framework in Frameworks */ = {isa = PBXBuildFile; fileRef = AAB4625297FC8041B5A1D5E8135E93AE /* Einsteinium.framework */; };
		39C6C16ECB239038231EAB88446DFAA9 /* RxSwift.framework in Accio */ = {isa = PBXBuildFile; fileRef = B8362B96BEC80173C27F17420996AC51 /* RxSwift.framework */; settings = {ATTRIBUTES = (CodeSignOnCopy, ); }; };
		3C4F54154A33354BE79581941B3E2A9C /* Cache.framework in Frameworks */ = {isa = PBXBuildFile; fileRef = FBE03C0C2E9D2E85674A249CAF5B25F1 /* Cache.framework */; };
		3F4FA458E9748660577A2481D6F13AF3 /* RxCocoa.framework in Frameworks */ = {isa = PBXBuildFile; fileRef = 10CCB4D642158FD87F0690E6090F9419 /* RxCocoa.framework */; };
		5BA99A0BF1478785AF278F3E1AADA8DD /* Alamofire.framework in Accio */ = {isa = PBXBuildFile; fileRef = 8E2808DB0E2BEC0CE061E2865DFEDD90 /* Alamofire.framework */; settings = {ATTRIBUTES = (CodeSignOnCopy, ); }; };
		65339D4D64A65661859155E75C74FF46 /* Cobalt.framework in Frameworks */ = {isa = PBXBuildFile; fileRef = 59320A16B1974F7C9FACFFBE03526D01 /* Cobalt.framework */; };
		6C885BFF6451248031D1D7559B40F1E5 /* Nimble.framework in Frameworks */ = {isa = PBXBuildFile; fileRef = 5A9498B4FF722F6D66456CB41E9403DB /* Nimble.framework */; };
		70DBCAC1FBD71850634872CFA970E991 /* (null) in Accio */ = {isa = PBXBuildFile; settings = {ATTRIBUTES = (CodeSignOnCopy, ); }; };
		7687AB5C2306C741C32C002865049EF0 /* FBLPromises.framework in Frameworks */ = {isa = PBXBuildFile; fileRef = F3E07896AF3CD4E81BBA1A93F9973A32 /* FBLPromises.framework */; };
		79782DF36278A571C42B8F8EC04FD8A9 /* FBLPromises.framework in Frameworks */ = {isa = PBXBuildFile; fileRef = 1F9FE8C525E25D6B3E02DA3B5BE4C4A4 /* FBLPromises.framework */; };
		84643808684A588D95AD1B9739557CDA /* KeychainAccess.framework in Accio */ = {isa = PBXBuildFile; fileRef = 4E4CDD11E7B023A3B5DC7F8ADFD020EA /* KeychainAccess.framework */; settings = {ATTRIBUTES = (CodeSignOnCopy, ); }; };
		888BBA2B8062AEC94DE059C11B10FB64 /* Promises.framework in Frameworks */ = {isa = PBXBuildFile; fileRef = 830DD4A23DBE088FF75416FBD540807B /* Promises.framework */; };
		89959A0FC42FF99D6DE4A4A5510CE975 /* Promises.framework in Frameworks */ = {isa = PBXBuildFile; fileRef = 8028884FEA8CCD044E92A57B128E1DD2 /* Promises.framework */; };
		8A158CD3DDA60F9BE527274DF6A470C9 /* Mockingjay.framework in Frameworks */ = {isa = PBXBuildFile; fileRef = BDDC893D1D888365270CE7EFCF321B56 /* Mockingjay.framework */; };
		98599A3CF48B64CF8742D61EEB66AC6B /* Alamofire.framework in Frameworks */ = {isa = PBXBuildFile; fileRef = 8E2808DB0E2BEC0CE061E2865DFEDD90 /* Alamofire.framework */; };
		A12C7A79EEFD9BF101AFD8360D2234FA /* (null) in Accio */ = {isa = PBXBuildFile; settings = {ATTRIBUTES = (CodeSignOnCopy, ); }; };
		B382B9E8AAD65E7358F3E48F897F9D54 /* Promises.framework in Accio */ = {isa = PBXBuildFile; fileRef = 830DD4A23DBE088FF75416FBD540807B /* Promises.framework */; settings = {ATTRIBUTES = (CodeSignOnCopy, ); }; };
		B6FA10C11434CE6DE45FFD9BFA592864 /* SwiftyJSON.framework in Accio */ = {isa = PBXBuildFile; fileRef = 33BABD62EE6F18D1F1F95E217011CF8A /* SwiftyJSON.framework */; settings = {ATTRIBUTES = (CodeSignOnCopy, ); }; };
		BC1F1467B80F5D08EB30D662E2C968E1 /* RxCocoa.framework in Accio */ = {isa = PBXBuildFile; fileRef = 2BE688520FB0D7B6DAAF3EB6F048848B /* RxCocoa.framework */; settings = {ATTRIBUTES = (CodeSignOnCopy, ); }; };
		C3124607210065AE00ACB824 /* ProntoAPIClient+authentication.swift in Sources */ = {isa = PBXBuildFile; fileRef = C3124606210065AE00ACB824 /* ProntoAPIClient+authentication.swift */; };
		C319597A20E4E6F700AF83B4 /* ProntoAPIClientUserModule.swift in Sources */ = {isa = PBXBuildFile; fileRef = C319597920E4E6F700AF83B4 /* ProntoAPIClientUserModule.swift */; };
		C319598320E5052C00AF83B4 /* oauth_token.json in Resources */ = {isa = PBXBuildFile; fileRef = C319598220E5052C00AF83B4 /* oauth_token.json */; };
		C31A5058227C612E00C802C3 /* (null) in Frameworks */ = {isa = PBXBuildFile; };
		C31A505A227C613600C802C3 /* (null) in Frameworks */ = {isa = PBXBuildFile; };
		C31A505C227C614700C802C3 /* (null) in Frameworks */ = {isa = PBXBuildFile; };
		C34A6861204FFE52009E3D83 /* ProntoSDK.framework in Frameworks */ = {isa = PBXBuildFile; fileRef = C34A6857204FFE51009E3D83 /* ProntoSDK.framework */; };
		C34A6866204FFE52009E3D83 /* ProntoSDKTests.swift in Sources */ = {isa = PBXBuildFile; fileRef = C34A6865204FFE52009E3D83 /* ProntoSDKTests.swift */; };
		C34A6868204FFE52009E3D83 /* ProntoSDK.h in Headers */ = {isa = PBXBuildFile; fileRef = C34A685A204FFE51009E3D83 /* ProntoSDK.h */; settings = {ATTRIBUTES = (Public, ); }; };
		C34A687520500652009E3D83 /* ProntoSDK.swift in Sources */ = {isa = PBXBuildFile; fileRef = C34A687420500652009E3D83 /* ProntoSDK.swift */; };
		C34A687820500697009E3D83 /* ProntoNotifications.swift in Sources */ = {isa = PBXBuildFile; fileRef = C34A687720500697009E3D83 /* ProntoNotifications.swift */; };
		C34A687A205009A3009E3D83 /* ProntoAPIClient.swift in Sources */ = {isa = PBXBuildFile; fileRef = C34A6879205009A3009E3D83 /* ProntoAPIClient.swift */; };
		C34A687F20500C01009E3D83 /* ProntoError.swift in Sources */ = {isa = PBXBuildFile; fileRef = C34A687E20500C01009E3D83 /* ProntoError.swift */; };
		C34A688220500CB2009E3D83 /* ProntoSDKTests_Notifications.swift in Sources */ = {isa = PBXBuildFile; fileRef = C34A688120500CB2009E3D83 /* ProntoSDKTests_Notifications.swift */; };
		C34A688420500CEC009E3D83 /* v1_notifications-register-device.json in Resources */ = {isa = PBXBuildFile; fileRef = C34A688320500CEC009E3D83 /* v1_notifications-register-device.json */; };
		C34A688720500DA4009E3D83 /* ProntoAPIClientNotificationsModule.swift in Sources */ = {isa = PBXBuildFile; fileRef = C34A688620500DA4009E3D83 /* ProntoAPIClientNotificationsModule.swift */; };
		C34A688C20501303009E3D83 /* Device.swift in Sources */ = {isa = PBXBuildFile; fileRef = C34A688B20501303009E3D83 /* Device.swift */; };
		C34A688E20501AD4009E3D83 /* v1_notifications-signin-device.json in Resources */ = {isa = PBXBuildFile; fileRef = C34A688D20501AD4009E3D83 /* v1_notifications-signin-device.json */; };
		C34A68902050264C009E3D83 /* Segment.swift in Sources */ = {isa = PBXBuildFile; fileRef = C34A688F2050264C009E3D83 /* Segment.swift */; };
		C34A6892205027BF009E3D83 /* v1_notifications-segments.json in Resources */ = {isa = PBXBuildFile; fileRef = C34A6891205027BF009E3D83 /* v1_notifications-segments.json */; };
		C34A689420502AD0009E3D83 /* v1_notifications-segments-subscribe.json in Resources */ = {isa = PBXBuildFile; fileRef = C34A689320502AD0009E3D83 /* v1_notifications-segments-subscribe.json */; };
		C34A6896205032EB009E3D83 /* WebviewController.swift in Sources */ = {isa = PBXBuildFile; fileRef = C34A6895205032EB009E3D83 /* WebviewController.swift */; };
		C34CB0282108ACFB00861278 /* ProntoFilterable.swift in Sources */ = {isa = PBXBuildFile; fileRef = C34CB0272108ACFB00861278 /* ProntoFilterable.swift */; };
		C3530F0220E4D7EA004657F0 /* ProntoAuthentication.swift in Sources */ = {isa = PBXBuildFile; fileRef = C3530F0120E4D7EA004657F0 /* ProntoAuthentication.swift */; };
		C3530F0420E4D859004657F0 /* ProntoSDKTests_Authentication.swift in Sources */ = {isa = PBXBuildFile; fileRef = C3530F0320E4D859004657F0 /* ProntoSDKTests_Authentication.swift */; };
		C3530F0820E4D99A004657F0 /* User.swift in Sources */ = {isa = PBXBuildFile; fileRef = C3530F0720E4D99A004657F0 /* User.swift */; };
		C359461D207F6AF8003E37F6 /* PushNotification.swift in Sources */ = {isa = PBXBuildFile; fileRef = C359461C207F6AF8003E37F6 /* PushNotification.swift */; };
		C35AB8BA20EA76410051EB19 /* Models.swift in Sources */ = {isa = PBXBuildFile; fileRef = C35AB8B920EA76410051EB19 /* Models.swift */; };
		C367B6972100696C00793F99 /* ProntoAPIClient+collections.swift in Sources */ = {isa = PBXBuildFile; fileRef = C367B6962100696C00793F99 /* ProntoAPIClient+collections.swift */; };
		C367B69D210069C300793F99 /* ProntoCollectionError.swift in Sources */ = {isa = PBXBuildFile; fileRef = C367B69C210069C300793F99 /* ProntoCollectionError.swift */; };
		C367B6A02100701A00793F99 /* Coordinate.swift in Sources */ = {isa = PBXBuildFile; fileRef = C367B69F2100701A00793F99 /* Coordinate.swift */; };
		C367B6A321007C5B00793F99 /* TextURL.swift in Sources */ = {isa = PBXBuildFile; fileRef = C367B6A221007C5B00793F99 /* TextURL.swift */; };
		C367B6AB21009BEB00793F99 /* ProntoCollectionMapper+Enum.swift in Sources */ = {isa = PBXBuildFile; fileRef = C367B6AA21009BEB00793F99 /* ProntoCollectionMapper+Enum.swift */; };
		C367B6AD2100A5C100793F99 /* ProntoCollectionMapper+Relation.swift in Sources */ = {isa = PBXBuildFile; fileRef = C367B6AC2100A5C100793F99 /* ProntoCollectionMapper+Relation.swift */; };
		C367B6B02100ACF700793F99 /* DateFormatting.swift in Sources */ = {isa = PBXBuildFile; fileRef = C367B6AF2100ACF700793F99 /* DateFormatting.swift */; };
		C367B6B22100ADE600793F99 /* PaginatedResult.swift in Sources */ = {isa = PBXBuildFile; fileRef = C367B6B12100ADE600793F99 /* PaginatedResult.swift */; };
		C367B6B82100BA6600793F99 /* SortOrder.swift in Sources */ = {isa = PBXBuildFile; fileRef = C367B6B72100BA6600793F99 /* SortOrder.swift */; };
		C367B6BA2100CFA400793F99 /* v1_collections_all_get.json in Resources */ = {isa = PBXBuildFile; fileRef = C367B6B92100CFA400793F99 /* v1_collections_all_get.json */; };
		C374D7D62212DAB600134857 /* ProntoAppUpdateCheck.swift in Sources */ = {isa = PBXBuildFile; fileRef = C374D7D52212DAB600134857 /* ProntoAppUpdateCheck.swift */; };
		C374D7D92212DB0200134857 /* ProntoAPIClientAppUpdateCheck.swift in Sources */ = {isa = PBXBuildFile; fileRef = C374D7D82212DB0200134857 /* ProntoAPIClientAppUpdateCheck.swift */; };
		C374D7DC2212DB4000134857 /* ProntoAPIClient+appupdatechecker.swift in Sources */ = {isa = PBXBuildFile; fileRef = C374D7DB2212DB4000134857 /* ProntoAPIClient+appupdatechecker.swift */; };
		C374D7DF2212DB8700134857 /* AppVersion.swift in Sources */ = {isa = PBXBuildFile; fileRef = C374D7DE2212DB8700134857 /* AppVersion.swift */; };
		C37B2C1620E5075B00FD89EF /* v1_userprofile.json in Resources */ = {isa = PBXBuildFile; fileRef = C37B2C1520E5075B00FD89EF /* v1_userprofile.json */; };
		C37B2C1820E50AC800FD89EF /* accesstoken_expired.json in Resources */ = {isa = PBXBuildFile; fileRef = C37B2C1720E50AC800FD89EF /* accesstoken_expired.json */; };
		C37B2C1A20E60D0100FD89EF /* ProntoConfig.swift in Sources */ = {isa = PBXBuildFile; fileRef = C37B2C1920E60D0100FD89EF /* ProntoConfig.swift */; };
		C37B2C1C20E60D2900FD89EF /* ProntoPlugin.swift in Sources */ = {isa = PBXBuildFile; fileRef = C37B2C1B20E60D2900FD89EF /* ProntoPlugin.swift */; };
		C37B2C2A20E65DE600FD89EF /* v1_registeralready.json in Resources */ = {isa = PBXBuildFile; fileRef = C37B2C2920E65DE600FD89EF /* v1_registeralready.json */; };
		C37B2C2C20E65E7400FD89EF /* ProntoSDKTests_User.swift in Sources */ = {isa = PBXBuildFile; fileRef = C37B2C2B20E65E7400FD89EF /* ProntoSDKTests_User.swift */; };
		C37D63AB210615EF00A4DA6F /* ProntoCollectionMapper+JSON.swift in Sources */ = {isa = PBXBuildFile; fileRef = C37D63AA210615EF00A4DA6F /* ProntoCollectionMapper+JSON.swift */; };
		C3A8E29D227C62A5001562B0 /* Cobalt.framework in Frameworks */ = {isa = PBXBuildFile; fileRef = 59320A16B1974F7C9FACFFBE03526D01 /* Cobalt.framework */; };
		C3AD68BD210A0ACD00A82A2F /* ApplicationWatcher.swift in Sources */ = {isa = PBXBuildFile; fileRef = C3AD68BC210A0ACD00A82A2F /* ApplicationWatcher.swift */; };
		C3B4094F2057F3B600802593 /* ProntoSDKTests_General.swift in Sources */ = {isa = PBXBuildFile; fileRef = C3B4094E2057F3B600802593 /* ProntoSDKTests_General.swift */; };
		C3B76B9820FF795C004B7578 /* ProntoCollection.swift in Sources */ = {isa = PBXBuildFile; fileRef = C3B76B9720FF795C004B7578 /* ProntoCollection.swift */; };
		C3B76B9A20FF79EE004B7578 /* ProntoCollectionMappable.swift in Sources */ = {isa = PBXBuildFile; fileRef = C3B76B9920FF79EE004B7578 /* ProntoCollectionMappable.swift */; };
		C3B76B9C20FF7A73004B7578 /* Pagination.swift in Sources */ = {isa = PBXBuildFile; fileRef = C3B76B9B20FF7A73004B7578 /* Pagination.swift */; };
		C3B76B9E20FF7B47004B7578 /* ProntoAPIClientCollectionsModule.swift in Sources */ = {isa = PBXBuildFile; fileRef = C3B76B9D20FF7B47004B7578 /* ProntoAPIClientCollectionsModule.swift */; };
		C3B76BA020FF7DCC004B7578 /* ProntoSDKTests_Collections.swift in Sources */ = {isa = PBXBuildFile; fileRef = C3B76B9F20FF7DCB004B7578 /* ProntoSDKTests_Collections.swift */; };
		C3B76BA220FF7E5B004B7578 /* v1_collections_all.json in Resources */ = {isa = PBXBuildFile; fileRef = C3B76BA120FF7E5B004B7578 /* v1_collections_all.json */; };
		C3B76BA420FF8A56004B7578 /* ProntoCollectionMapper.swift in Sources */ = {isa = PBXBuildFile; fileRef = C3B76BA320FF8A56004B7578 /* ProntoCollectionMapper.swift */; };
		C3B76BAA2100617E004B7578 /* Memoization.swift in Sources */ = {isa = PBXBuildFile; fileRef = C3B76BA92100617E004B7578 /* Memoization.swift */; };
		C3B76BAD21006352004B7578 /* ProntoAPIClient+notifications.swift in Sources */ = {isa = PBXBuildFile; fileRef = C3B76BAC21006352004B7578 /* ProntoAPIClient+notifications.swift */; };
		C3CB12A6205277F90095584D /* JSON.swift in Sources */ = {isa = PBXBuildFile; fileRef = C3CB12A5205277F90095584D /* JSON.swift */; };
		C3CB12AA2052BB0F0095584D /* String.swift in Sources */ = {isa = PBXBuildFile; fileRef = C3CB12A92052BB0F0095584D /* String.swift */; };
		C3CB12AC2052C1710095584D /* FirebaseLogModule.swift in Sources */ = {isa = PBXBuildFile; fileRef = C3CB12AB2052C1710095584D /* FirebaseLogModule.swift */; };
		C3CF880421259D9C00DB29AD /* v1_user_passwordreset.json in Resources */ = {isa = PBXBuildFile; fileRef = C3CF880321259D9C00DB29AD /* v1_user_passwordreset.json */; };
		C3D6BB3120515ED9007FA9BF /* v1_notifications-devices-unregister.json in Resources */ = {isa = PBXBuildFile; fileRef = C3D6BB3020515ED9007FA9BF /* v1_notifications-devices-unregister.json */; };
		C3D951E8210AFBBB00164EF6 /* Encodable.swift in Sources */ = {isa = PBXBuildFile; fileRef = C3D951E7210AFBBB00164EF6 /* Encodable.swift */; };
		C3D951EA210B046100164EF6 /* ProntoNotificationsDelegate.swift in Sources */ = {isa = PBXBuildFile; fileRef = C3D951E9210B046100164EF6 /* ProntoNotificationsDelegate.swift */; };
		C3DFAEE122140BAD00B7E7EC /* app_version.json in Resources */ = {isa = PBXBuildFile; fileRef = C3DFAEE022140BAC00B7E7EC /* app_version.json */; };
		C3DFAEE322140BC300B7E7EC /* ProntoSDKTests_AppVersion.swift in Sources */ = {isa = PBXBuildFile; fileRef = C3DFAEE222140BC300B7E7EC /* ProntoSDKTests_AppVersion.swift */; };
		C3DFEFA52056D8F300CC744C /* Text.swift in Sources */ = {isa = PBXBuildFile; fileRef = C3DFEFA42056D8F300CC744C /* Text.swift */; };
		C3FE2433212D37400061C8F6 /* KeychainHelper.swift in Sources */ = {isa = PBXBuildFile; fileRef = C3FE2432212D37400061C8F6 /* KeychainHelper.swift */; };
		C5E4103951A5293C91D465A852D18AE6 /* SwiftyJSON.framework in Frameworks */ = {isa = PBXBuildFile; fileRef = 33BABD62EE6F18D1F1F95E217011CF8A /* SwiftyJSON.framework */; };
		CAB323C5B21C43B8E6B3BCD7475DAA79 /* RxCocoa.framework in Frameworks */ = {isa = PBXBuildFile; fileRef = 2BE688520FB0D7B6DAAF3EB6F048848B /* RxCocoa.framework */; };
		D973A909A05ED1A6AC654CCE0BE796BB /* KeychainAccess.framework in Frameworks */ = {isa = PBXBuildFile; fileRef = 4E4CDD11E7B023A3B5DC7F8ADFD020EA /* KeychainAccess.framework */; };
		DE2C9D5885565FB21BE165C9DCE708F5 /* KeychainAccess.framework in Frameworks */ = {isa = PBXBuildFile; fileRef = F56B16F76E3F166D5D50349E360065AB /* KeychainAccess.framework */; };
		DED24A75061AAFBDBE2B1F29513A62B8 /* RxRelay.framework in Accio */ = {isa = PBXBuildFile; fileRef = A45B26C3E1DD860187F833F96AD3A07F /* RxRelay.framework */; settings = {ATTRIBUTES = (CodeSignOnCopy, ); }; };
		E2E3FF83EDC8826CEADFFADECB10E93C /* RxSwift.framework in Frameworks */ = {isa = PBXBuildFile; fileRef = A50E6B8439E3403F16F4DB12A5362ADE /* RxSwift.framework */; };
		E7DB338FC20C7DE7C637D99709AF7B6B /* (null) in Accio */ = {isa = PBXBuildFile; settings = {ATTRIBUTES = (CodeSignOnCopy, ); }; };
		F11A3D3644C709118E53C3BBF39B5A8D /* CryptoSwift.framework in Frameworks */ = {isa = PBXBuildFile; fileRef = 850C28A2E9E2A2A25105BFFB6E266212 /* CryptoSwift.framework */; };
		F6BCACA49E970DB43DAD74F49A586565 /* Alamofire.framework in Frameworks */ = {isa = PBXBuildFile; fileRef = 2B0A126AD4FB7132F77C75BDE3ADE41F /* Alamofire.framework */; };
		F82403AEC7DE7B8F657E2C148EA311B2 /* SwiftyJSON.framework in Frameworks */ = {isa = PBXBuildFile; fileRef = 92E0DEA67CF87646884B269ED64E08DF /* SwiftyJSON.framework */; };
		FC83B4E7DB9A5801B064485FB743EA35 /* RxRelay.framework in Frameworks */ = {isa = PBXBuildFile; fileRef = A45B26C3E1DD860187F833F96AD3A07F /* RxRelay.framework */; };
/* End PBXBuildFile section */

/* Begin PBXContainerItemProxy section */
		C34A6862204FFE52009E3D83 /* PBXContainerItemProxy */ = {
			isa = PBXContainerItemProxy;
			containerPortal = C34A684E204FFE51009E3D83 /* Project object */;
			proxyType = 1;
			remoteGlobalIDString = C34A6856204FFE51009E3D83;
			remoteInfo = ProntoSDK;
		};
/* End PBXContainerItemProxy section */

/* Begin PBXCopyFilesBuildPhase section */
		35FAFC1FB9456AC9DE209DE7D8E693B8 /* Accio */ = {
			isa = PBXCopyFilesBuildPhase;
			buildActionMask = 2147483647;
			dstSubfolderSpec = 10;
			files = (
				24A882493A384057BAA3EC941DD001F0 /* Nimble.framework in Accio */,
				05D72F91C265F0C69F37D1A659E39485 /* Mockingjay.framework in Accio */,
				70DBCAC1FBD71850634872CFA970E991 /* (null) in Accio */,
				E7DB338FC20C7DE7C637D99709AF7B6B /* (null) in Accio */,
				A12C7A79EEFD9BF101AFD8360D2234FA /* (null) in Accio */,
				5BA99A0BF1478785AF278F3E1AADA8DD /* Alamofire.framework in Accio */,
				2BFEB5CB9418A8420E02F5790AF07CFC /* Cobalt.framework in Accio */,
				1C92662243180E54A424719507D92D38 /* FBLPromises.framework in Accio */,
				84643808684A588D95AD1B9739557CDA /* KeychainAccess.framework in Accio */,
				B382B9E8AAD65E7358F3E48F897F9D54 /* Promises.framework in Accio */,
				BC1F1467B80F5D08EB30D662E2C968E1 /* RxCocoa.framework in Accio */,
				DED24A75061AAFBDBE2B1F29513A62B8 /* RxRelay.framework in Accio */,
				39C6C16ECB239038231EAB88446DFAA9 /* RxSwift.framework in Accio */,
				B6FA10C11434CE6DE45FFD9BFA592864 /* SwiftyJSON.framework in Accio */,
			);
			name = Accio;
			runOnlyForDeploymentPostprocessing = 0;
		};
/* End PBXCopyFilesBuildPhase section */

/* Begin PBXFileReference section */
		04C5A7EB1451196F362B8D131A217C49 /* Cobalt.framework */ = {isa = PBXFileReference; explicitFileType = wrapper.framework; lastKnownFileType = wrapper.framework; name = Cobalt.framework; path = Dependencies/iOS/Cobalt.framework; sourceTree = "<group>"; };
		10CCB4D642158FD87F0690E6090F9419 /* RxCocoa.framework */ = {isa = PBXFileReference; explicitFileType = wrapper.framework; name = RxCocoa.framework; path = Dependencies/iOS/RxCocoa.framework; sourceTree = "<group>"; };
		1F9FE8C525E25D6B3E02DA3B5BE4C4A4 /* FBLPromises.framework */ = {isa = PBXFileReference; explicitFileType = wrapper.framework; name = FBLPromises.framework; path = Dependencies/iOS/FBLPromises.framework; sourceTree = "<group>"; };
		2B0A126AD4FB7132F77C75BDE3ADE41F /* Alamofire.framework */ = {isa = PBXFileReference; explicitFileType = wrapper.framework; name = Alamofire.framework; path = Dependencies/iOS/Alamofire.framework; sourceTree = "<group>"; };
		2BE688520FB0D7B6DAAF3EB6F048848B /* RxCocoa.framework */ = {isa = PBXFileReference; explicitFileType = wrapper.framework; lastKnownFileType = wrapper.framework; name = RxCocoa.framework; path = Dependencies/iOS/RxCocoa.framework; sourceTree = "<group>"; };
		33BABD62EE6F18D1F1F95E217011CF8A /* SwiftyJSON.framework */ = {isa = PBXFileReference; explicitFileType = wrapper.framework; lastKnownFileType = wrapper.framework; name = SwiftyJSON.framework; path = Dependencies/iOS/SwiftyJSON.framework; sourceTree = "<group>"; };
		4E4CDD11E7B023A3B5DC7F8ADFD020EA /* KeychainAccess.framework */ = {isa = PBXFileReference; explicitFileType = wrapper.framework; lastKnownFileType = wrapper.framework; name = KeychainAccess.framework; path = Dependencies/iOS/KeychainAccess.framework; sourceTree = "<group>"; };
		5613999799AAD8D72775267D0B83325A /* Erbium.framework */ = {isa = PBXFileReference; explicitFileType = wrapper.framework; name = Erbium.framework; path = Dependencies/iOS/Erbium.framework; sourceTree = "<group>"; };
		59320A16B1974F7C9FACFFBE03526D01 /* Cobalt.framework */ = {isa = PBXFileReference; explicitFileType = wrapper.framework; name = Cobalt.framework; path = Dependencies/iOS/Cobalt.framework; sourceTree = "<group>"; };
		5A9498B4FF722F6D66456CB41E9403DB /* Nimble.framework */ = {isa = PBXFileReference; explicitFileType = wrapper.framework; name = Nimble.framework; path = Dependencies/iOS/Nimble.framework; sourceTree = "<group>"; };
		76031761469D87DBF35370B5A87F9D14 /* RxRelay.framework */ = {isa = PBXFileReference; explicitFileType = wrapper.framework; name = RxRelay.framework; path = Dependencies/iOS/RxRelay.framework; sourceTree = "<group>"; };
		8028884FEA8CCD044E92A57B128E1DD2 /* Promises.framework */ = {isa = PBXFileReference; explicitFileType = wrapper.framework; name = Promises.framework; path = Dependencies/iOS/Promises.framework; sourceTree = "<group>"; };
		830DD4A23DBE088FF75416FBD540807B /* Promises.framework */ = {isa = PBXFileReference; explicitFileType = wrapper.framework; lastKnownFileType = wrapper.framework; name = Promises.framework; path = Dependencies/iOS/Promises.framework; sourceTree = "<group>"; };
		850C28A2E9E2A2A25105BFFB6E266212 /* CryptoSwift.framework */ = {isa = PBXFileReference; explicitFileType = wrapper.framework; name = CryptoSwift.framework; path = Dependencies/iOS/CryptoSwift.framework; sourceTree = "<group>"; };
		8E2808DB0E2BEC0CE061E2865DFEDD90 /* Alamofire.framework */ = {isa = PBXFileReference; explicitFileType = wrapper.framework; lastKnownFileType = wrapper.framework; name = Alamofire.framework; path = Dependencies/iOS/Alamofire.framework; sourceTree = "<group>"; };
		92E0DEA67CF87646884B269ED64E08DF /* SwiftyJSON.framework */ = {isa = PBXFileReference; explicitFileType = wrapper.framework; name = SwiftyJSON.framework; path = Dependencies/iOS/SwiftyJSON.framework; sourceTree = "<group>"; };
		A45B26C3E1DD860187F833F96AD3A07F /* RxRelay.framework */ = {isa = PBXFileReference; explicitFileType = wrapper.framework; lastKnownFileType = wrapper.framework; name = RxRelay.framework; path = Dependencies/iOS/RxRelay.framework; sourceTree = "<group>"; };
		A50E6B8439E3403F16F4DB12A5362ADE /* RxSwift.framework */ = {isa = PBXFileReference; explicitFileType = wrapper.framework; name = RxSwift.framework; path = Dependencies/iOS/RxSwift.framework; sourceTree = "<group>"; };
		AAB4625297FC8041B5A1D5E8135E93AE /* Einsteinium.framework */ = {isa = PBXFileReference; explicitFileType = wrapper.framework; name = Einsteinium.framework; path = Dependencies/iOS/Einsteinium.framework; sourceTree = "<group>"; };
		B8362B96BEC80173C27F17420996AC51 /* RxSwift.framework */ = {isa = PBXFileReference; explicitFileType = wrapper.framework; lastKnownFileType = wrapper.framework; name = RxSwift.framework; path = Dependencies/iOS/RxSwift.framework; sourceTree = "<group>"; };
		BDDC893D1D888365270CE7EFCF321B56 /* Mockingjay.framework */ = {isa = PBXFileReference; explicitFileType = wrapper.framework; name = Mockingjay.framework; path = Dependencies/iOS/Mockingjay.framework; sourceTree = "<group>"; };
		C3124606210065AE00ACB824 /* ProntoAPIClient+authentication.swift */ = {isa = PBXFileReference; lastKnownFileType = sourcecode.swift; path = "ProntoAPIClient+authentication.swift"; sourceTree = "<group>"; };
		C319597920E4E6F700AF83B4 /* ProntoAPIClientUserModule.swift */ = {isa = PBXFileReference; lastKnownFileType = sourcecode.swift; path = ProntoAPIClientUserModule.swift; sourceTree = "<group>"; };
		C319598220E5052C00AF83B4 /* oauth_token.json */ = {isa = PBXFileReference; lastKnownFileType = text.json; path = oauth_token.json; sourceTree = "<group>"; };
		C34A6857204FFE51009E3D83 /* ProntoSDK.framework */ = {isa = PBXFileReference; explicitFileType = wrapper.framework; includeInIndex = 0; path = ProntoSDK.framework; sourceTree = BUILT_PRODUCTS_DIR; };
		C34A685A204FFE51009E3D83 /* ProntoSDK.h */ = {isa = PBXFileReference; lastKnownFileType = sourcecode.c.h; path = ProntoSDK.h; sourceTree = "<group>"; };
		C34A685B204FFE51009E3D83 /* Info.plist */ = {isa = PBXFileReference; lastKnownFileType = text.plist.xml; path = Info.plist; sourceTree = "<group>"; };
		C34A6860204FFE51009E3D83 /* ProntoSDKTests.xctest */ = {isa = PBXFileReference; explicitFileType = wrapper.cfbundle; includeInIndex = 0; path = ProntoSDKTests.xctest; sourceTree = BUILT_PRODUCTS_DIR; };
		C34A6865204FFE52009E3D83 /* ProntoSDKTests.swift */ = {isa = PBXFileReference; lastKnownFileType = sourcecode.swift; path = ProntoSDKTests.swift; sourceTree = "<group>"; };
		C34A6867204FFE52009E3D83 /* Info.plist */ = {isa = PBXFileReference; lastKnownFileType = text.plist.xml; path = Info.plist; sourceTree = "<group>"; };
		C34A687420500652009E3D83 /* ProntoSDK.swift */ = {isa = PBXFileReference; lastKnownFileType = sourcecode.swift; path = ProntoSDK.swift; sourceTree = "<group>"; };
		C34A687720500697009E3D83 /* ProntoNotifications.swift */ = {isa = PBXFileReference; lastKnownFileType = sourcecode.swift; path = ProntoNotifications.swift; sourceTree = "<group>"; };
		C34A6879205009A3009E3D83 /* ProntoAPIClient.swift */ = {isa = PBXFileReference; lastKnownFileType = sourcecode.swift; path = ProntoAPIClient.swift; sourceTree = "<group>"; };
		C34A687E20500C01009E3D83 /* ProntoError.swift */ = {isa = PBXFileReference; lastKnownFileType = sourcecode.swift; path = ProntoError.swift; sourceTree = "<group>"; };
		C34A688120500CB2009E3D83 /* ProntoSDKTests_Notifications.swift */ = {isa = PBXFileReference; lastKnownFileType = sourcecode.swift; path = ProntoSDKTests_Notifications.swift; sourceTree = "<group>"; };
		C34A688320500CEC009E3D83 /* v1_notifications-register-device.json */ = {isa = PBXFileReference; lastKnownFileType = text.json; path = "v1_notifications-register-device.json"; sourceTree = "<group>"; };
		C34A688620500DA4009E3D83 /* ProntoAPIClientNotificationsModule.swift */ = {isa = PBXFileReference; lastKnownFileType = sourcecode.swift; path = ProntoAPIClientNotificationsModule.swift; sourceTree = "<group>"; };
		C34A688B20501303009E3D83 /* Device.swift */ = {isa = PBXFileReference; lastKnownFileType = sourcecode.swift; path = Device.swift; sourceTree = "<group>"; };
		C34A688D20501AD4009E3D83 /* v1_notifications-signin-device.json */ = {isa = PBXFileReference; lastKnownFileType = text.json; path = "v1_notifications-signin-device.json"; sourceTree = "<group>"; };
		C34A688F2050264C009E3D83 /* Segment.swift */ = {isa = PBXFileReference; lastKnownFileType = sourcecode.swift; path = Segment.swift; sourceTree = "<group>"; };
		C34A6891205027BF009E3D83 /* v1_notifications-segments.json */ = {isa = PBXFileReference; lastKnownFileType = text.json; path = "v1_notifications-segments.json"; sourceTree = "<group>"; };
		C34A689320502AD0009E3D83 /* v1_notifications-segments-subscribe.json */ = {isa = PBXFileReference; lastKnownFileType = text.json; path = "v1_notifications-segments-subscribe.json"; sourceTree = "<group>"; };
		C34A6895205032EB009E3D83 /* WebviewController.swift */ = {isa = PBXFileReference; lastKnownFileType = sourcecode.swift; path = WebviewController.swift; sourceTree = "<group>"; };
		C34CB0272108ACFB00861278 /* ProntoFilterable.swift */ = {isa = PBXFileReference; lastKnownFileType = sourcecode.swift; path = ProntoFilterable.swift; sourceTree = "<group>"; };
		C3530F0120E4D7EA004657F0 /* ProntoAuthentication.swift */ = {isa = PBXFileReference; lastKnownFileType = sourcecode.swift; path = ProntoAuthentication.swift; sourceTree = "<group>"; };
		C3530F0320E4D859004657F0 /* ProntoSDKTests_Authentication.swift */ = {isa = PBXFileReference; lastKnownFileType = sourcecode.swift; path = ProntoSDKTests_Authentication.swift; sourceTree = "<group>"; };
		C3530F0720E4D99A004657F0 /* User.swift */ = {isa = PBXFileReference; lastKnownFileType = sourcecode.swift; path = User.swift; sourceTree = "<group>"; };
		C359461C207F6AF8003E37F6 /* PushNotification.swift */ = {isa = PBXFileReference; lastKnownFileType = sourcecode.swift; path = PushNotification.swift; sourceTree = "<group>"; };
		C35AB8B920EA76410051EB19 /* Models.swift */ = {isa = PBXFileReference; lastKnownFileType = sourcecode.swift; path = Models.swift; sourceTree = "<group>"; };
		C367B6962100696C00793F99 /* ProntoAPIClient+collections.swift */ = {isa = PBXFileReference; lastKnownFileType = sourcecode.swift; path = "ProntoAPIClient+collections.swift"; sourceTree = "<group>"; };
		C367B69C210069C300793F99 /* ProntoCollectionError.swift */ = {isa = PBXFileReference; lastKnownFileType = sourcecode.swift; path = ProntoCollectionError.swift; sourceTree = "<group>"; };
		C367B69F2100701A00793F99 /* Coordinate.swift */ = {isa = PBXFileReference; lastKnownFileType = sourcecode.swift; path = Coordinate.swift; sourceTree = "<group>"; };
		C367B6A221007C5B00793F99 /* TextURL.swift */ = {isa = PBXFileReference; lastKnownFileType = sourcecode.swift; path = TextURL.swift; sourceTree = "<group>"; };
		C367B6AA21009BEB00793F99 /* ProntoCollectionMapper+Enum.swift */ = {isa = PBXFileReference; lastKnownFileType = sourcecode.swift; path = "ProntoCollectionMapper+Enum.swift"; sourceTree = "<group>"; };
		C367B6AC2100A5C100793F99 /* ProntoCollectionMapper+Relation.swift */ = {isa = PBXFileReference; lastKnownFileType = sourcecode.swift; path = "ProntoCollectionMapper+Relation.swift"; sourceTree = "<group>"; };
		C367B6AF2100ACF700793F99 /* DateFormatting.swift */ = {isa = PBXFileReference; lastKnownFileType = sourcecode.swift; path = DateFormatting.swift; sourceTree = "<group>"; };
		C367B6B12100ADE600793F99 /* PaginatedResult.swift */ = {isa = PBXFileReference; lastKnownFileType = sourcecode.swift; path = PaginatedResult.swift; sourceTree = "<group>"; };
		C367B6B72100BA6600793F99 /* SortOrder.swift */ = {isa = PBXFileReference; lastKnownFileType = sourcecode.swift; path = SortOrder.swift; sourceTree = "<group>"; };
		C367B6B92100CFA400793F99 /* v1_collections_all_get.json */ = {isa = PBXFileReference; lastKnownFileType = text.json; path = v1_collections_all_get.json; sourceTree = "<group>"; };
		C374D7D52212DAB600134857 /* ProntoAppUpdateCheck.swift */ = {isa = PBXFileReference; lastKnownFileType = sourcecode.swift; path = ProntoAppUpdateCheck.swift; sourceTree = "<group>"; };
		C374D7D82212DB0200134857 /* ProntoAPIClientAppUpdateCheck.swift */ = {isa = PBXFileReference; lastKnownFileType = sourcecode.swift; path = ProntoAPIClientAppUpdateCheck.swift; sourceTree = "<group>"; };
		C374D7DB2212DB4000134857 /* ProntoAPIClient+appupdatechecker.swift */ = {isa = PBXFileReference; lastKnownFileType = sourcecode.swift; path = "ProntoAPIClient+appupdatechecker.swift"; sourceTree = "<group>"; };
		C374D7DE2212DB8700134857 /* AppVersion.swift */ = {isa = PBXFileReference; lastKnownFileType = sourcecode.swift; path = AppVersion.swift; sourceTree = "<group>"; };
		C37B2C1520E5075B00FD89EF /* v1_userprofile.json */ = {isa = PBXFileReference; lastKnownFileType = text.json; path = v1_userprofile.json; sourceTree = "<group>"; };
		C37B2C1720E50AC800FD89EF /* accesstoken_expired.json */ = {isa = PBXFileReference; lastKnownFileType = text.json; path = accesstoken_expired.json; sourceTree = "<group>"; };
		C37B2C1920E60D0100FD89EF /* ProntoConfig.swift */ = {isa = PBXFileReference; lastKnownFileType = sourcecode.swift; path = ProntoConfig.swift; sourceTree = "<group>"; };
		C37B2C1B20E60D2900FD89EF /* ProntoPlugin.swift */ = {isa = PBXFileReference; lastKnownFileType = sourcecode.swift; path = ProntoPlugin.swift; sourceTree = "<group>"; };
		C37B2C2920E65DE600FD89EF /* v1_registeralready.json */ = {isa = PBXFileReference; lastKnownFileType = text.json; path = v1_registeralready.json; sourceTree = "<group>"; };
		C37B2C2B20E65E7400FD89EF /* ProntoSDKTests_User.swift */ = {isa = PBXFileReference; lastKnownFileType = sourcecode.swift; path = ProntoSDKTests_User.swift; sourceTree = "<group>"; };
		C37D63AA210615EF00A4DA6F /* ProntoCollectionMapper+JSON.swift */ = {isa = PBXFileReference; lastKnownFileType = sourcecode.swift; path = "ProntoCollectionMapper+JSON.swift"; sourceTree = "<group>"; };
		C3AD68BC210A0ACD00A82A2F /* ApplicationWatcher.swift */ = {isa = PBXFileReference; lastKnownFileType = sourcecode.swift; path = ApplicationWatcher.swift; sourceTree = "<group>"; };
		C3B4094E2057F3B600802593 /* ProntoSDKTests_General.swift */ = {isa = PBXFileReference; lastKnownFileType = sourcecode.swift; path = ProntoSDKTests_General.swift; sourceTree = "<group>"; };
		C3B76B9720FF795C004B7578 /* ProntoCollection.swift */ = {isa = PBXFileReference; lastKnownFileType = sourcecode.swift; path = ProntoCollection.swift; sourceTree = "<group>"; };
		C3B76B9920FF79EE004B7578 /* ProntoCollectionMappable.swift */ = {isa = PBXFileReference; lastKnownFileType = sourcecode.swift; path = ProntoCollectionMappable.swift; sourceTree = "<group>"; };
		C3B76B9B20FF7A73004B7578 /* Pagination.swift */ = {isa = PBXFileReference; lastKnownFileType = sourcecode.swift; path = Pagination.swift; sourceTree = "<group>"; };
		C3B76B9D20FF7B47004B7578 /* ProntoAPIClientCollectionsModule.swift */ = {isa = PBXFileReference; lastKnownFileType = sourcecode.swift; path = ProntoAPIClientCollectionsModule.swift; sourceTree = "<group>"; };
		C3B76B9F20FF7DCB004B7578 /* ProntoSDKTests_Collections.swift */ = {isa = PBXFileReference; lastKnownFileType = sourcecode.swift; path = ProntoSDKTests_Collections.swift; sourceTree = "<group>"; };
		C3B76BA120FF7E5B004B7578 /* v1_collections_all.json */ = {isa = PBXFileReference; lastKnownFileType = text.json; path = v1_collections_all.json; sourceTree = "<group>"; };
		C3B76BA320FF8A56004B7578 /* ProntoCollectionMapper.swift */ = {isa = PBXFileReference; lastKnownFileType = sourcecode.swift; path = ProntoCollectionMapper.swift; sourceTree = "<group>"; };
		C3B76BA92100617E004B7578 /* Memoization.swift */ = {isa = PBXFileReference; lastKnownFileType = sourcecode.swift; path = Memoization.swift; sourceTree = "<group>"; };
		C3B76BAC21006352004B7578 /* ProntoAPIClient+notifications.swift */ = {isa = PBXFileReference; lastKnownFileType = sourcecode.swift; path = "ProntoAPIClient+notifications.swift"; sourceTree = "<group>"; };
		C3CB12A5205277F90095584D /* JSON.swift */ = {isa = PBXFileReference; lastKnownFileType = sourcecode.swift; path = JSON.swift; sourceTree = "<group>"; };
		C3CB12A92052BB0F0095584D /* String.swift */ = {isa = PBXFileReference; lastKnownFileType = sourcecode.swift; path = String.swift; sourceTree = "<group>"; };
		C3CB12AB2052C1710095584D /* FirebaseLogModule.swift */ = {isa = PBXFileReference; lastKnownFileType = sourcecode.swift; path = FirebaseLogModule.swift; sourceTree = "<group>"; };
		C3CF880321259D9C00DB29AD /* v1_user_passwordreset.json */ = {isa = PBXFileReference; lastKnownFileType = text.json; path = v1_user_passwordreset.json; sourceTree = "<group>"; };
		C3D6BB3020515ED9007FA9BF /* v1_notifications-devices-unregister.json */ = {isa = PBXFileReference; lastKnownFileType = text.json; path = "v1_notifications-devices-unregister.json"; sourceTree = "<group>"; };
		C3D951E7210AFBBB00164EF6 /* Encodable.swift */ = {isa = PBXFileReference; lastKnownFileType = sourcecode.swift; path = Encodable.swift; sourceTree = "<group>"; };
		C3D951E9210B046100164EF6 /* ProntoNotificationsDelegate.swift */ = {isa = PBXFileReference; lastKnownFileType = sourcecode.swift; path = ProntoNotificationsDelegate.swift; sourceTree = "<group>"; };
		C3DFAEE022140BAC00B7E7EC /* app_version.json */ = {isa = PBXFileReference; fileEncoding = 4; lastKnownFileType = text.json; path = app_version.json; sourceTree = "<group>"; };
		C3DFAEE222140BC300B7E7EC /* ProntoSDKTests_AppVersion.swift */ = {isa = PBXFileReference; lastKnownFileType = sourcecode.swift; path = ProntoSDKTests_AppVersion.swift; sourceTree = "<group>"; };
		C3DFEFA42056D8F300CC744C /* Text.swift */ = {isa = PBXFileReference; lastKnownFileType = sourcecode.swift; path = Text.swift; sourceTree = "<group>"; };
		C3FE2432212D37400061C8F6 /* KeychainHelper.swift */ = {isa = PBXFileReference; lastKnownFileType = sourcecode.swift; path = KeychainHelper.swift; sourceTree = "<group>"; };
		F3E07896AF3CD4E81BBA1A93F9973A32 /* FBLPromises.framework */ = {isa = PBXFileReference; explicitFileType = wrapper.framework; lastKnownFileType = wrapper.framework; name = FBLPromises.framework; path = Dependencies/iOS/FBLPromises.framework; sourceTree = "<group>"; };
		F56B16F76E3F166D5D50349E360065AB /* KeychainAccess.framework */ = {isa = PBXFileReference; explicitFileType = wrapper.framework; name = KeychainAccess.framework; path = Dependencies/iOS/KeychainAccess.framework; sourceTree = "<group>"; };
		FBE03C0C2E9D2E85674A249CAF5B25F1 /* Cache.framework */ = {isa = PBXFileReference; explicitFileType = wrapper.framework; name = Cache.framework; path = Dependencies/iOS/Cache.framework; sourceTree = "<group>"; };
/* End PBXFileReference section */

/* Begin PBXFrameworksBuildPhase section */
		C34A6853204FFE51009E3D83 /* Frameworks */ = {
			isa = PBXFrameworksBuildPhase;
			buildActionMask = 2147483647;
			files = (
				F82403AEC7DE7B8F657E2C148EA311B2 /* SwiftyJSON.framework in Frameworks */,
				DE2C9D5885565FB21BE165C9DCE708F5 /* KeychainAccess.framework in Frameworks */,
				F11A3D3644C709118E53C3BBF39B5A8D /* CryptoSwift.framework in Frameworks */,
				3C4F54154A33354BE79581941B3E2A9C /* Cache.framework in Frameworks */,
				79782DF36278A571C42B8F8EC04FD8A9 /* FBLPromises.framework in Frameworks */,
				89959A0FC42FF99D6DE4A4A5510CE975 /* Promises.framework in Frameworks */,
				E2E3FF83EDC8826CEADFFADECB10E93C /* RxSwift.framework in Frameworks */,
				086DE95166E5A077E25F5009B4C63B04 /* Erbium.framework in Frameworks */,
				36BAED5E301F3BED6C62F8F05CBF1B9D /* Einsteinium.framework in Frameworks */,
				F6BCACA49E970DB43DAD74F49A586565 /* Alamofire.framework in Frameworks */,
				2148385D0601F47F32F5A0502333E10A /* RxRelay.framework in Frameworks */,
				3F4FA458E9748660577A2481D6F13AF3 /* RxCocoa.framework in Frameworks */,
				65339D4D64A65661859155E75C74FF46 /* Cobalt.framework in Frameworks */,
			);
			runOnlyForDeploymentPostprocessing = 0;
		};
		C34A685D204FFE51009E3D83 /* Frameworks */ = {
			isa = PBXFrameworksBuildPhase;
			buildActionMask = 2147483647;
			files = (
				C3A8E29D227C62A5001562B0 /* Cobalt.framework in Frameworks */,
				C34A6861204FFE52009E3D83 /* ProntoSDK.framework in Frameworks */,
				C31A505A227C613600C802C3 /* (null) in Frameworks */,
				C31A5058227C612E00C802C3 /* (null) in Frameworks */,
				C31A505C227C614700C802C3 /* (null) in Frameworks */,
				6C885BFF6451248031D1D7559B40F1E5 /* Nimble.framework in Frameworks */,
				8A158CD3DDA60F9BE527274DF6A470C9 /* Mockingjay.framework in Frameworks */,
				98599A3CF48B64CF8742D61EEB66AC6B /* Alamofire.framework in Frameworks */,
				D973A909A05ED1A6AC654CCE0BE796BB /* KeychainAccess.framework in Frameworks */,
				7687AB5C2306C741C32C002865049EF0 /* FBLPromises.framework in Frameworks */,
				888BBA2B8062AEC94DE059C11B10FB64 /* Promises.framework in Frameworks */,
				2A631F73E5C003D29A9D58DD48B2F10F /* RxSwift.framework in Frameworks */,
				FC83B4E7DB9A5801B064485FB743EA35 /* RxRelay.framework in Frameworks */,
				CAB323C5B21C43B8E6B3BCD7475DAA79 /* RxCocoa.framework in Frameworks */,
				C5E4103951A5293C91D465A852D18AE6 /* SwiftyJSON.framework in Frameworks */,
			);
			runOnlyForDeploymentPostprocessing = 0;
		};
/* End PBXFrameworksBuildPhase section */

/* Begin PBXGroup section */
		5141166B700AC6F4B459CAD842199D8A /* ProntoSDK */ = {
			isa = PBXGroup;
			children = (
				2B0A126AD4FB7132F77C75BDE3ADE41F /* Alamofire.framework */,
				FBE03C0C2E9D2E85674A249CAF5B25F1 /* Cache.framework */,
				59320A16B1974F7C9FACFFBE03526D01 /* Cobalt.framework */,
				850C28A2E9E2A2A25105BFFB6E266212 /* CryptoSwift.framework */,
				AAB4625297FC8041B5A1D5E8135E93AE /* Einsteinium.framework */,
				5613999799AAD8D72775267D0B83325A /* Erbium.framework */,
				1F9FE8C525E25D6B3E02DA3B5BE4C4A4 /* FBLPromises.framework */,
				F56B16F76E3F166D5D50349E360065AB /* KeychainAccess.framework */,
				8028884FEA8CCD044E92A57B128E1DD2 /* Promises.framework */,
				10CCB4D642158FD87F0690E6090F9419 /* RxCocoa.framework */,
				76031761469D87DBF35370B5A87F9D14 /* RxRelay.framework */,
				A50E6B8439E3403F16F4DB12A5362ADE /* RxSwift.framework */,
				92E0DEA67CF87646884B269ED64E08DF /* SwiftyJSON.framework */,
			);
			name = ProntoSDK;
			sourceTree = "<group>";
		};
		5CBB4E0998693DB068A2A2E70F337550 /* ProntoSDKTests */ = {
			isa = PBXGroup;
			children = (
				8E2808DB0E2BEC0CE061E2865DFEDD90 /* Alamofire.framework */,
				04C5A7EB1451196F362B8D131A217C49 /* Cobalt.framework */,
				F3E07896AF3CD4E81BBA1A93F9973A32 /* FBLPromises.framework */,
				4E4CDD11E7B023A3B5DC7F8ADFD020EA /* KeychainAccess.framework */,
				BDDC893D1D888365270CE7EFCF321B56 /* Mockingjay.framework */,
				5A9498B4FF722F6D66456CB41E9403DB /* Nimble.framework */,
				830DD4A23DBE088FF75416FBD540807B /* Promises.framework */,
				2BE688520FB0D7B6DAAF3EB6F048848B /* RxCocoa.framework */,
				A45B26C3E1DD860187F833F96AD3A07F /* RxRelay.framework */,
				B8362B96BEC80173C27F17420996AC51 /* RxSwift.framework */,
				33BABD62EE6F18D1F1F95E217011CF8A /* SwiftyJSON.framework */,
			);
			name = ProntoSDKTests;
			sourceTree = "<group>";
		};
		C31246052100659D00ACB824 /* Extensions */ = {
			isa = PBXGroup;
			children = (
				C3124606210065AE00ACB824 /* ProntoAPIClient+authentication.swift */,
			);
			path = Extensions;
			sourceTree = "<group>";
		};
		C34A684D204FFE51009E3D83 = {
			isa = PBXGroup;
			children = (
				C34A6859204FFE51009E3D83 /* ProntoSDK */,
				C34A6864204FFE52009E3D83 /* ProntoSDKTests */,
				C34A6858204FFE51009E3D83 /* Products */,
				D05F341981BD09292C45E36C8B4B2D8D /* Dependencies */,
			);
			sourceTree = "<group>";
		};
		C34A6858204FFE51009E3D83 /* Products */ = {
			isa = PBXGroup;
			children = (
				C34A6857204FFE51009E3D83 /* ProntoSDK.framework */,
				C34A6860204FFE51009E3D83 /* ProntoSDKTests.xctest */,
			);
			name = Products;
			sourceTree = "<group>";
		};
		C34A6859204FFE51009E3D83 /* ProntoSDK */ = {
			isa = PBXGroup;
			children = (
				C34A687220500648009E3D83 /* Classes */,
				C34A685A204FFE51009E3D83 /* ProntoSDK.h */,
				C34A685B204FFE51009E3D83 /* Info.plist */,
			);
			path = ProntoSDK;
			sourceTree = "<group>";
		};
		C34A6864204FFE52009E3D83 /* ProntoSDKTests */ = {
			isa = PBXGroup;
			children = (
				C34A688020500C90009E3D83 /* Mocking */,
				C34A6865204FFE52009E3D83 /* ProntoSDKTests.swift */,
				C3B4094E2057F3B600802593 /* ProntoSDKTests_General.swift */,
				C34A688120500CB2009E3D83 /* ProntoSDKTests_Notifications.swift */,
				C3530F0320E4D859004657F0 /* ProntoSDKTests_Authentication.swift */,
				C37B2C2B20E65E7400FD89EF /* ProntoSDKTests_User.swift */,
				C3B76B9F20FF7DCB004B7578 /* ProntoSDKTests_Collections.swift */,
				C3DFAEE222140BC300B7E7EC /* ProntoSDKTests_AppVersion.swift */,
				C34A6867204FFE52009E3D83 /* Info.plist */,
			);
			path = ProntoSDKTests;
			sourceTree = "<group>";
		};
		C34A687220500648009E3D83 /* Classes */ = {
			isa = PBXGroup;
			children = (
				C374D7D42212D9DD00134857 /* AppUpdateCheck */,
				C3B76BA521005F16004B7578 /* Core */,
				C34A687620500689009E3D83 /* Notifications */,
				C3530F0020E4D7CC004657F0 /* Authentication */,
				C3B76B9620FF7901004B7578 /* Collections */,
			);
			path = Classes;
			sourceTree = "<group>";
		};
		C34A687320500648009E3D83 /* Base */ = {
			isa = PBXGroup;
			children = (
				C34A687420500652009E3D83 /* ProntoSDK.swift */,
				C34A687E20500C01009E3D83 /* ProntoError.swift */,
				C37B2C1920E60D0100FD89EF /* ProntoConfig.swift */,
				C37B2C1B20E60D2900FD89EF /* ProntoPlugin.swift */,
			);
			path = Base;
			sourceTree = "<group>";
		};
		C34A687620500689009E3D83 /* Notifications */ = {
			isa = PBXGroup;
			children = (
				C367B6982100697D00793F99 /* Models */,
				C3B76BAB21006348004B7578 /* Extensions */,
				C3B76BA72100604F004B7578 /* API */,
				C34A687720500697009E3D83 /* ProntoNotifications.swift */,
				C3D951E9210B046100164EF6 /* ProntoNotificationsDelegate.swift */,
				C34A6895205032EB009E3D83 /* WebviewController.swift */,
			);
			path = Notifications;
			sourceTree = "<group>";
		};
		C34A687B20500A4E009E3D83 /* API */ = {
			isa = PBXGroup;
			children = (
				C34A688520500D95009E3D83 /* Modules */,
				C34A6879205009A3009E3D83 /* ProntoAPIClient.swift */,
			);
			path = API;
			sourceTree = "<group>";
		};
		C34A688020500C90009E3D83 /* Mocking */ = {
			isa = PBXGroup;
			children = (
				C3DFAEE022140BAC00B7E7EC /* app_version.json */,
				C34A688320500CEC009E3D83 /* v1_notifications-register-device.json */,
				C34A688D20501AD4009E3D83 /* v1_notifications-signin-device.json */,
				C34A6891205027BF009E3D83 /* v1_notifications-segments.json */,
				C34A689320502AD0009E3D83 /* v1_notifications-segments-subscribe.json */,
				C3CF880321259D9C00DB29AD /* v1_user_passwordreset.json */,
				C3D6BB3020515ED9007FA9BF /* v1_notifications-devices-unregister.json */,
				C3B76BA120FF7E5B004B7578 /* v1_collections_all.json */,
				C367B6B92100CFA400793F99 /* v1_collections_all_get.json */,
				C319598220E5052C00AF83B4 /* oauth_token.json */,
				C37B2C1720E50AC800FD89EF /* accesstoken_expired.json */,
				C37B2C1520E5075B00FD89EF /* v1_userprofile.json */,
				C37B2C2920E65DE600FD89EF /* v1_registeralready.json */,
				C35AB8B920EA76410051EB19 /* Models.swift */,
			);
			path = Mocking;
			sourceTree = "<group>";
		};
		C34A688520500D95009E3D83 /* Modules */ = {
			isa = PBXGroup;
			children = (
				C3CB12AB2052C1710095584D /* FirebaseLogModule.swift */,
			);
			path = Modules;
			sourceTree = "<group>";
		};
		C34A688A205012FA009E3D83 /* Models */ = {
			isa = PBXGroup;
			children = (
				C3DFEFA42056D8F300CC744C /* Text.swift */,
			);
			path = Models;
			sourceTree = "<group>";
		};
		C3530F0020E4D7CC004657F0 /* Authentication */ = {
			isa = PBXGroup;
			children = (
				C367B6992100698900793F99 /* Models */,
				C31246052100659D00ACB824 /* Extensions */,
				C3B76BA621006034004B7578 /* API */,
				C3530F0120E4D7EA004657F0 /* ProntoAuthentication.swift */,
			);
			path = Authentication;
			sourceTree = "<group>";
		};
		C367B6952100696100793F99 /* Extensions */ = {
			isa = PBXGroup;
			children = (
				C367B6962100696C00793F99 /* ProntoAPIClient+collections.swift */,
			);
			path = Extensions;
			sourceTree = "<group>";
		};
		C367B6982100697D00793F99 /* Models */ = {
			isa = PBXGroup;
			children = (
				C359461C207F6AF8003E37F6 /* PushNotification.swift */,
				C34A688F2050264C009E3D83 /* Segment.swift */,
				C34A688B20501303009E3D83 /* Device.swift */,
			);
			path = Models;
			sourceTree = "<group>";
		};
		C367B6992100698900793F99 /* Models */ = {
			isa = PBXGroup;
			children = (
				C3530F0720E4D99A004657F0 /* User.swift */,
			);
			path = Models;
			sourceTree = "<group>";
		};
		C367B69A2100699400793F99 /* Mapping */ = {
			isa = PBXGroup;
			children = (
				C3B76B9920FF79EE004B7578 /* ProntoCollectionMappable.swift */,
				C3B76BA320FF8A56004B7578 /* ProntoCollectionMapper.swift */,
				C367B6AA21009BEB00793F99 /* ProntoCollectionMapper+Enum.swift */,
				C37D63AA210615EF00A4DA6F /* ProntoCollectionMapper+JSON.swift */,
				C367B6AC2100A5C100793F99 /* ProntoCollectionMapper+Relation.swift */,
			);
			path = Mapping;
			sourceTree = "<group>";
		};
		C367B69B210069BB00793F99 /* Errors */ = {
			isa = PBXGroup;
			children = (
				C367B69C210069C300793F99 /* ProntoCollectionError.swift */,
			);
			path = Errors;
			sourceTree = "<group>";
		};
		C367B69E2100701000793F99 /* Models */ = {
			isa = PBXGroup;
			children = (
				C367B69F2100701A00793F99 /* Coordinate.swift */,
				C367B6A221007C5B00793F99 /* TextURL.swift */,
			);
			path = Models;
			sourceTree = "<group>";
		};
		C374D7D42212D9DD00134857 /* AppUpdateCheck */ = {
			isa = PBXGroup;
			children = (
				C374D7DD2212DB7B00134857 /* Models */,
				C374D7DA2212DB3300134857 /* Extensions */,
				C374D7D72212DAE900134857 /* API */,
				C374D7D52212DAB600134857 /* ProntoAppUpdateCheck.swift */,
			);
			path = AppUpdateCheck;
			sourceTree = "<group>";
		};
		C374D7D72212DAE900134857 /* API */ = {
			isa = PBXGroup;
			children = (
				C374D7D82212DB0200134857 /* ProntoAPIClientAppUpdateCheck.swift */,
			);
			path = API;
			sourceTree = "<group>";
		};
		C374D7DA2212DB3300134857 /* Extensions */ = {
			isa = PBXGroup;
			children = (
				C374D7DB2212DB4000134857 /* ProntoAPIClient+appupdatechecker.swift */,
			);
			path = Extensions;
			sourceTree = "<group>";
		};
		C374D7DD2212DB7B00134857 /* Models */ = {
			isa = PBXGroup;
			children = (
				C374D7DE2212DB8700134857 /* AppVersion.swift */,
			);
			path = Models;
			sourceTree = "<group>";
		};
		C3B76B9620FF7901004B7578 /* Collections */ = {
			isa = PBXGroup;
			children = (
				C367B69E2100701000793F99 /* Models */,
				C367B69B210069BB00793F99 /* Errors */,
				C367B69A2100699400793F99 /* Mapping */,
				C367B6952100696100793F99 /* Extensions */,
				C3B76BA821006059004B7578 /* API */,
				C3B76B9B20FF7A73004B7578 /* Pagination.swift */,
				C367B6B72100BA6600793F99 /* SortOrder.swift */,
				C34CB0272108ACFB00861278 /* ProntoFilterable.swift */,
				C367B6B12100ADE600793F99 /* PaginatedResult.swift */,
				C3B76B9720FF795C004B7578 /* ProntoCollection.swift */,
			);
			path = Collections;
			sourceTree = "<group>";
		};
		C3B76BA521005F16004B7578 /* Core */ = {
			isa = PBXGroup;
			children = (
				C34A688A205012FA009E3D83 /* Models */,
				C34A687320500648009E3D83 /* Base */,
				C34A687B20500A4E009E3D83 /* API */,
				C3CB12A4205277EE0095584D /* Extensions */,
				C3D6BB2D20515954007FA9BF /* Helpers */,
			);
			path = Core;
			sourceTree = "<group>";
		};
		C3B76BA621006034004B7578 /* API */ = {
			isa = PBXGroup;
			children = (
				C319597920E4E6F700AF83B4 /* ProntoAPIClientUserModule.swift */,
			);
			path = API;
			sourceTree = "<group>";
		};
		C3B76BA72100604F004B7578 /* API */ = {
			isa = PBXGroup;
			children = (
				C34A688620500DA4009E3D83 /* ProntoAPIClientNotificationsModule.swift */,
			);
			path = API;
			sourceTree = "<group>";
		};
		C3B76BA821006059004B7578 /* API */ = {
			isa = PBXGroup;
			children = (
				C3B76B9D20FF7B47004B7578 /* ProntoAPIClientCollectionsModule.swift */,
			);
			path = API;
			sourceTree = "<group>";
		};
		C3B76BAB21006348004B7578 /* Extensions */ = {
			isa = PBXGroup;
			children = (
				C3B76BAC21006352004B7578 /* ProntoAPIClient+notifications.swift */,
			);
			path = Extensions;
			sourceTree = "<group>";
		};
		C3CB12A4205277EE0095584D /* Extensions */ = {
			isa = PBXGroup;
			children = (
				C3CB12A5205277F90095584D /* JSON.swift */,
				C3CB12A92052BB0F0095584D /* String.swift */,
				C3D951E7210AFBBB00164EF6 /* Encodable.swift */,
			);
			path = Extensions;
			sourceTree = "<group>";
		};
		C3D6BB2D20515954007FA9BF /* Helpers */ = {
			isa = PBXGroup;
			children = (
				C3B76BA92100617E004B7578 /* Memoization.swift */,
				C367B6AF2100ACF700793F99 /* DateFormatting.swift */,
				C3AD68BC210A0ACD00A82A2F /* ApplicationWatcher.swift */,
				C3FE2432212D37400061C8F6 /* KeychainHelper.swift */,
			);
			path = Helpers;
			sourceTree = "<group>";
		};
		D05F341981BD09292C45E36C8B4B2D8D /* Dependencies */ = {
			isa = PBXGroup;
			children = (
				5141166B700AC6F4B459CAD842199D8A /* ProntoSDK */,
				5CBB4E0998693DB068A2A2E70F337550 /* ProntoSDKTests */,
			);
			name = Dependencies;
			sourceTree = "<group>";
		};
/* End PBXGroup section */

/* Begin PBXHeadersBuildPhase section */
		C34A6854204FFE51009E3D83 /* Headers */ = {
			isa = PBXHeadersBuildPhase;
			buildActionMask = 2147483647;
			files = (
				C34A6868204FFE52009E3D83 /* ProntoSDK.h in Headers */,
			);
			runOnlyForDeploymentPostprocessing = 0;
		};
/* End PBXHeadersBuildPhase section */

/* Begin PBXNativeTarget section */
		C34A6856204FFE51009E3D83 /* ProntoSDK */ = {
			isa = PBXNativeTarget;
			buildConfigurationList = C34A686B204FFE52009E3D83 /* Build configuration list for PBXNativeTarget "ProntoSDK" */;
			buildPhases = (
				C34A6852204FFE51009E3D83 /* Sources */,
				C34A6853204FFE51009E3D83 /* Frameworks */,
				C34A6854204FFE51009E3D83 /* Headers */,
				C34A6855204FFE51009E3D83 /* Resources */,
				C34A6871204FFF53009E3D83 /* swiftlint */,
				A0EB9DDBC005D44D79C1E3E4D98FBBCF /* Accio */,
			);
			buildRules = (
			);
			dependencies = (
			);
			name = ProntoSDK;
			productName = ProntoSDK;
			productReference = C34A6857204FFE51009E3D83 /* ProntoSDK.framework */;
			productType = "com.apple.product-type.framework";
		};
		C34A685F204FFE51009E3D83 /* ProntoSDKTests */ = {
			isa = PBXNativeTarget;
			buildConfigurationList = C34A686E204FFE52009E3D83 /* Build configuration list for PBXNativeTarget "ProntoSDKTests" */;
			buildPhases = (
				C34A685C204FFE51009E3D83 /* Sources */,
				C34A685D204FFE51009E3D83 /* Frameworks */,
				C34A685E204FFE51009E3D83 /* Resources */,
				35FAFC1FB9456AC9DE209DE7D8E693B8 /* Accio */,
			);
			buildRules = (
			);
			dependencies = (
				C34A6863204FFE52009E3D83 /* PBXTargetDependency */,
			);
			name = ProntoSDKTests;
			productName = ProntoSDKTests;
			productReference = C34A6860204FFE51009E3D83 /* ProntoSDKTests.xctest */;
			productType = "com.apple.product-type.bundle.unit-test";
		};
/* End PBXNativeTarget section */

/* Begin PBXProject section */
		C34A684E204FFE51009E3D83 /* Project object */ = {
			isa = PBXProject;
			attributes = {
				LastSwiftUpdateCheck = 0940;
				LastUpgradeCheck = 0930;
				ORGANIZATIONNAME = "E-sites";
				TargetAttributes = {
					C34A6856204FFE51009E3D83 = {
						CreatedOnToolsVersion = 9.2;
						LastSwiftMigration = 0920;
						ProvisioningStyle = Automatic;
					};
					C34A685F204FFE51009E3D83 = {
						CreatedOnToolsVersion = 9.2;
						ProvisioningStyle = Automatic;
					};
				};
			};
			buildConfigurationList = C34A6851204FFE51009E3D83 /* Build configuration list for PBXProject "ProntoSDK" */;
			compatibilityVersion = "Xcode 8.0";
			developmentRegion = en;
			hasScannedForEncodings = 0;
			knownRegions = (
				en,
				Base,
			);
			mainGroup = C34A684D204FFE51009E3D83;
			productRefGroup = C34A6858204FFE51009E3D83 /* Products */;
			projectDirPath = "";
			projectRoot = "";
			targets = (
				C34A6856204FFE51009E3D83 /* ProntoSDK */,
				C34A685F204FFE51009E3D83 /* ProntoSDKTests */,
			);
		};
/* End PBXProject section */

/* Begin PBXResourcesBuildPhase section */
		C34A6855204FFE51009E3D83 /* Resources */ = {
			isa = PBXResourcesBuildPhase;
			buildActionMask = 2147483647;
			files = (
			);
			runOnlyForDeploymentPostprocessing = 0;
		};
		C34A685E204FFE51009E3D83 /* Resources */ = {
			isa = PBXResourcesBuildPhase;
			buildActionMask = 2147483647;
			files = (
				C319598320E5052C00AF83B4 /* oauth_token.json in Resources */,
				C3B76BA220FF7E5B004B7578 /* v1_collections_all.json in Resources */,
				C34A688E20501AD4009E3D83 /* v1_notifications-signin-device.json in Resources */,
				C37B2C2A20E65DE600FD89EF /* v1_registeralready.json in Resources */,
				C367B6BA2100CFA400793F99 /* v1_collections_all_get.json in Resources */,
				C3DFAEE122140BAD00B7E7EC /* app_version.json in Resources */,
				C3D6BB3120515ED9007FA9BF /* v1_notifications-devices-unregister.json in Resources */,
				C37B2C1820E50AC800FD89EF /* accesstoken_expired.json in Resources */,
				C34A689420502AD0009E3D83 /* v1_notifications-segments-subscribe.json in Resources */,
				C3CF880421259D9C00DB29AD /* v1_user_passwordreset.json in Resources */,
				C34A6892205027BF009E3D83 /* v1_notifications-segments.json in Resources */,
				C37B2C1620E5075B00FD89EF /* v1_userprofile.json in Resources */,
				C34A688420500CEC009E3D83 /* v1_notifications-register-device.json in Resources */,
			);
			runOnlyForDeploymentPostprocessing = 0;
		};
/* End PBXResourcesBuildPhase section */

/* Begin PBXShellScriptBuildPhase section */
		A0EB9DDBC005D44D79C1E3E4D98FBBCF /* Accio */ = {
			isa = PBXShellScriptBuildPhase;
			buildActionMask = 2147483647;
			files = (
			);
			inputPaths = (
				"$(SRCROOT)/Dependencies/iOS/Alamofire.framework",
				"$(SRCROOT)/Dependencies/iOS/Cache.framework",
				"$(SRCROOT)/Dependencies/iOS/Cobalt.framework",
				"$(SRCROOT)/Dependencies/iOS/CryptoSwift.framework",
				"$(SRCROOT)/Dependencies/iOS/Einsteinium.framework",
				"$(SRCROOT)/Dependencies/iOS/Erbium.framework",
				"$(SRCROOT)/Dependencies/iOS/FBLPromises.framework",
				"$(SRCROOT)/Dependencies/iOS/KeychainAccess.framework",
				"$(SRCROOT)/Dependencies/iOS/Promises.framework",
				"$(SRCROOT)/Dependencies/iOS/RxCocoa.framework",
				"$(SRCROOT)/Dependencies/iOS/RxRelay.framework",
				"$(SRCROOT)/Dependencies/iOS/RxSwift.framework",
				"$(SRCROOT)/Dependencies/iOS/SwiftyJSON.framework",
			);
			name = Accio;
			outputPaths = (
				"$(BUILT_PRODUCTS_DIR)/$(FRAMEWORKS_FOLDER_PATH)/Alamofire.framework",
				"$(BUILT_PRODUCTS_DIR)/$(FRAMEWORKS_FOLDER_PATH)/Cache.framework",
				"$(BUILT_PRODUCTS_DIR)/$(FRAMEWORKS_FOLDER_PATH)/Cobalt.framework",
				"$(BUILT_PRODUCTS_DIR)/$(FRAMEWORKS_FOLDER_PATH)/CryptoSwift.framework",
				"$(BUILT_PRODUCTS_DIR)/$(FRAMEWORKS_FOLDER_PATH)/Einsteinium.framework",
				"$(BUILT_PRODUCTS_DIR)/$(FRAMEWORKS_FOLDER_PATH)/Erbium.framework",
				"$(BUILT_PRODUCTS_DIR)/$(FRAMEWORKS_FOLDER_PATH)/FBLPromises.framework",
				"$(BUILT_PRODUCTS_DIR)/$(FRAMEWORKS_FOLDER_PATH)/KeychainAccess.framework",
				"$(BUILT_PRODUCTS_DIR)/$(FRAMEWORKS_FOLDER_PATH)/Promises.framework",
				"$(BUILT_PRODUCTS_DIR)/$(FRAMEWORKS_FOLDER_PATH)/RxCocoa.framework",
				"$(BUILT_PRODUCTS_DIR)/$(FRAMEWORKS_FOLDER_PATH)/RxRelay.framework",
				"$(BUILT_PRODUCTS_DIR)/$(FRAMEWORKS_FOLDER_PATH)/RxSwift.framework",
				"$(BUILT_PRODUCTS_DIR)/$(FRAMEWORKS_FOLDER_PATH)/SwiftyJSON.framework",
			);
			runOnlyForDeploymentPostprocessing = 0;
			shellPath = /bin/sh;
			shellScript = "/usr/local/bin/carthage copy-frameworks\n";
		};
		C34A6871204FFF53009E3D83 /* swiftlint */ = {
			isa = PBXShellScriptBuildPhase;
			buildActionMask = 2147483647;
			files = (
			);
			inputPaths = (
			);
			name = swiftlint;
			outputPaths = (
			);
			runOnlyForDeploymentPostprocessing = 0;
			shellPath = /bin/sh;
			shellScript = "if which swiftlint >/dev/null; then\nswiftlint\nelse\necho \"warning: SwiftLint not installed, download from https://github.com/realm/SwiftLint\"\nfi\n";
		};
/* End PBXShellScriptBuildPhase section */

/* Begin PBXSourcesBuildPhase section */
		C34A6852204FFE51009E3D83 /* Sources */ = {
			isa = PBXSourcesBuildPhase;
			buildActionMask = 2147483647;
			files = (
				C34A687A205009A3009E3D83 /* ProntoAPIClient.swift in Sources */,
				C3B76B9E20FF7B47004B7578 /* ProntoAPIClientCollectionsModule.swift in Sources */,
				C3B76BA420FF8A56004B7578 /* ProntoCollectionMapper.swift in Sources */,
				C367B6972100696C00793F99 /* ProntoAPIClient+collections.swift in Sources */,
				C3CB12A6205277F90095584D /* JSON.swift in Sources */,
				C374D7D62212DAB600134857 /* ProntoAppUpdateCheck.swift in Sources */,
				C3D951EA210B046100164EF6 /* ProntoNotificationsDelegate.swift in Sources */,
				C34A687820500697009E3D83 /* ProntoNotifications.swift in Sources */,
				C367B6B22100ADE600793F99 /* PaginatedResult.swift in Sources */,
				C3CB12AC2052C1710095584D /* FirebaseLogModule.swift in Sources */,
				C34A68902050264C009E3D83 /* Segment.swift in Sources */,
				C3CB12AA2052BB0F0095584D /* String.swift in Sources */,
				C374D7DF2212DB8700134857 /* AppVersion.swift in Sources */,
				C34A687520500652009E3D83 /* ProntoSDK.swift in Sources */,
				C34A687F20500C01009E3D83 /* ProntoError.swift in Sources */,
				C3DFEFA52056D8F300CC744C /* Text.swift in Sources */,
				C34A688C20501303009E3D83 /* Device.swift in Sources */,
				C367B6AB21009BEB00793F99 /* ProntoCollectionMapper+Enum.swift in Sources */,
				C367B6B02100ACF700793F99 /* DateFormatting.swift in Sources */,
				C367B6AD2100A5C100793F99 /* ProntoCollectionMapper+Relation.swift in Sources */,
				C34CB0282108ACFB00861278 /* ProntoFilterable.swift in Sources */,
				C3B76B9A20FF79EE004B7578 /* ProntoCollectionMappable.swift in Sources */,
				C359461D207F6AF8003E37F6 /* PushNotification.swift in Sources */,
				C3B76B9820FF795C004B7578 /* ProntoCollection.swift in Sources */,
				C3B76BAA2100617E004B7578 /* Memoization.swift in Sources */,
				C3B76B9C20FF7A73004B7578 /* Pagination.swift in Sources */,
				C367B69D210069C300793F99 /* ProntoCollectionError.swift in Sources */,
				C37D63AB210615EF00A4DA6F /* ProntoCollectionMapper+JSON.swift in Sources */,
				C319597A20E4E6F700AF83B4 /* ProntoAPIClientUserModule.swift in Sources */,
				C374D7DC2212DB4000134857 /* ProntoAPIClient+appupdatechecker.swift in Sources */,
				C374D7D92212DB0200134857 /* ProntoAPIClientAppUpdateCheck.swift in Sources */,
				C367B6A321007C5B00793F99 /* TextURL.swift in Sources */,
				C37B2C1C20E60D2900FD89EF /* ProntoPlugin.swift in Sources */,
				C3D951E8210AFBBB00164EF6 /* Encodable.swift in Sources */,
				C367B6A02100701A00793F99 /* Coordinate.swift in Sources */,
				C34A6896205032EB009E3D83 /* WebviewController.swift in Sources */,
				C3530F0820E4D99A004657F0 /* User.swift in Sources */,
				C367B6B82100BA6600793F99 /* SortOrder.swift in Sources */,
				C34A688720500DA4009E3D83 /* ProntoAPIClientNotificationsModule.swift in Sources */,
				C3FE2433212D37400061C8F6 /* KeychainHelper.swift in Sources */,
				C37B2C1A20E60D0100FD89EF /* ProntoConfig.swift in Sources */,
				C3530F0220E4D7EA004657F0 /* ProntoAuthentication.swift in Sources */,
				C3AD68BD210A0ACD00A82A2F /* ApplicationWatcher.swift in Sources */,
				C3124607210065AE00ACB824 /* ProntoAPIClient+authentication.swift in Sources */,
				C3B76BAD21006352004B7578 /* ProntoAPIClient+notifications.swift in Sources */,
			);
			runOnlyForDeploymentPostprocessing = 0;
		};
		C34A685C204FFE51009E3D83 /* Sources */ = {
			isa = PBXSourcesBuildPhase;
			buildActionMask = 2147483647;
			files = (
				C3530F0420E4D859004657F0 /* ProntoSDKTests_Authentication.swift in Sources */,
				C37B2C2C20E65E7400FD89EF /* ProntoSDKTests_User.swift in Sources */,
				C3B76BA020FF7DCC004B7578 /* ProntoSDKTests_Collections.swift in Sources */,
				C3B4094F2057F3B600802593 /* ProntoSDKTests_General.swift in Sources */,
				C35AB8BA20EA76410051EB19 /* Models.swift in Sources */,
				C34A6866204FFE52009E3D83 /* ProntoSDKTests.swift in Sources */,
				C3DFAEE322140BC300B7E7EC /* ProntoSDKTests_AppVersion.swift in Sources */,
				C34A688220500CB2009E3D83 /* ProntoSDKTests_Notifications.swift in Sources */,
			);
			runOnlyForDeploymentPostprocessing = 0;
		};
/* End PBXSourcesBuildPhase section */

/* Begin PBXTargetDependency section */
		C34A6863204FFE52009E3D83 /* PBXTargetDependency */ = {
			isa = PBXTargetDependency;
			target = C34A6856204FFE51009E3D83 /* ProntoSDK */;
			targetProxy = C34A6862204FFE52009E3D83 /* PBXContainerItemProxy */;
		};
/* End PBXTargetDependency section */

/* Begin XCBuildConfiguration section */
		C34A6869204FFE52009E3D83 /* Debug */ = {
			isa = XCBuildConfiguration;
			buildSettings = {
				ALWAYS_SEARCH_USER_PATHS = NO;
				CLANG_ANALYZER_NONNULL = YES;
				CLANG_ANALYZER_NUMBER_OBJECT_CONVERSION = YES_AGGRESSIVE;
				CLANG_CXX_LANGUAGE_STANDARD = "gnu++14";
				CLANG_CXX_LIBRARY = "libc++";
				CLANG_ENABLE_MODULES = YES;
				CLANG_ENABLE_OBJC_ARC = YES;
				CLANG_WARN_BLOCK_CAPTURE_AUTORELEASING = YES;
				CLANG_WARN_BOOL_CONVERSION = YES;
				CLANG_WARN_COMMA = YES;
				CLANG_WARN_CONSTANT_CONVERSION = YES;
				CLANG_WARN_DEPRECATED_OBJC_IMPLEMENTATIONS = YES;
				CLANG_WARN_DIRECT_OBJC_ISA_USAGE = YES_ERROR;
				CLANG_WARN_DOCUMENTATION_COMMENTS = YES;
				CLANG_WARN_EMPTY_BODY = YES;
				CLANG_WARN_ENUM_CONVERSION = YES;
				CLANG_WARN_INFINITE_RECURSION = YES;
				CLANG_WARN_INT_CONVERSION = YES;
				CLANG_WARN_NON_LITERAL_NULL_CONVERSION = YES;
				CLANG_WARN_OBJC_IMPLICIT_RETAIN_SELF = YES;
				CLANG_WARN_OBJC_LITERAL_CONVERSION = YES;
				CLANG_WARN_OBJC_ROOT_CLASS = YES_ERROR;
				CLANG_WARN_RANGE_LOOP_ANALYSIS = YES;
				CLANG_WARN_STRICT_PROTOTYPES = YES;
				CLANG_WARN_SUSPICIOUS_MOVE = YES;
				CLANG_WARN_UNGUARDED_AVAILABILITY = YES_AGGRESSIVE;
				CLANG_WARN_UNREACHABLE_CODE = YES;
				CLANG_WARN__DUPLICATE_METHOD_MATCH = YES;
				CODE_SIGN_IDENTITY = "iPhone Developer";
				COPY_PHASE_STRIP = NO;
				CURRENT_PROJECT_VERSION = 1;
				DEBUG_INFORMATION_FORMAT = dwarf;
				ENABLE_STRICT_OBJC_MSGSEND = YES;
				ENABLE_TESTABILITY = YES;
				GCC_C_LANGUAGE_STANDARD = gnu11;
				GCC_DYNAMIC_NO_PIC = NO;
				GCC_NO_COMMON_BLOCKS = YES;
				GCC_OPTIMIZATION_LEVEL = 0;
				GCC_PREPROCESSOR_DEFINITIONS = (
					"DEBUG=1",
					"$(inherited)",
				);
				GCC_WARN_64_TO_32_BIT_CONVERSION = YES;
				GCC_WARN_ABOUT_RETURN_TYPE = YES_ERROR;
				GCC_WARN_UNDECLARED_SELECTOR = YES;
				GCC_WARN_UNINITIALIZED_AUTOS = YES_AGGRESSIVE;
				GCC_WARN_UNUSED_FUNCTION = YES;
				GCC_WARN_UNUSED_VARIABLE = YES;
				IPHONEOS_DEPLOYMENT_TARGET = 11.2;
				MTL_ENABLE_DEBUG_INFO = YES;
				ONLY_ACTIVE_ARCH = YES;
				SDKROOT = iphoneos;
				SWIFT_ACTIVE_COMPILATION_CONDITIONS = DEBUG;
				SWIFT_OPTIMIZATION_LEVEL = "-Onone";
				SWIFT_VERSION = 4.2;
				VERSIONING_SYSTEM = "apple-generic";
				VERSION_INFO_PREFIX = "";
			};
			name = Debug;
		};
		C34A686A204FFE52009E3D83 /* Release */ = {
			isa = XCBuildConfiguration;
			buildSettings = {
				ALWAYS_SEARCH_USER_PATHS = NO;
				CLANG_ANALYZER_NONNULL = YES;
				CLANG_ANALYZER_NUMBER_OBJECT_CONVERSION = YES_AGGRESSIVE;
				CLANG_CXX_LANGUAGE_STANDARD = "gnu++14";
				CLANG_CXX_LIBRARY = "libc++";
				CLANG_ENABLE_MODULES = YES;
				CLANG_ENABLE_OBJC_ARC = YES;
				CLANG_WARN_BLOCK_CAPTURE_AUTORELEASING = YES;
				CLANG_WARN_BOOL_CONVERSION = YES;
				CLANG_WARN_COMMA = YES;
				CLANG_WARN_CONSTANT_CONVERSION = YES;
				CLANG_WARN_DEPRECATED_OBJC_IMPLEMENTATIONS = YES;
				CLANG_WARN_DIRECT_OBJC_ISA_USAGE = YES_ERROR;
				CLANG_WARN_DOCUMENTATION_COMMENTS = YES;
				CLANG_WARN_EMPTY_BODY = YES;
				CLANG_WARN_ENUM_CONVERSION = YES;
				CLANG_WARN_INFINITE_RECURSION = YES;
				CLANG_WARN_INT_CONVERSION = YES;
				CLANG_WARN_NON_LITERAL_NULL_CONVERSION = YES;
				CLANG_WARN_OBJC_IMPLICIT_RETAIN_SELF = YES;
				CLANG_WARN_OBJC_LITERAL_CONVERSION = YES;
				CLANG_WARN_OBJC_ROOT_CLASS = YES_ERROR;
				CLANG_WARN_RANGE_LOOP_ANALYSIS = YES;
				CLANG_WARN_STRICT_PROTOTYPES = YES;
				CLANG_WARN_SUSPICIOUS_MOVE = YES;
				CLANG_WARN_UNGUARDED_AVAILABILITY = YES_AGGRESSIVE;
				CLANG_WARN_UNREACHABLE_CODE = YES;
				CLANG_WARN__DUPLICATE_METHOD_MATCH = YES;
				CODE_SIGN_IDENTITY = "iPhone Developer";
				COPY_PHASE_STRIP = NO;
				CURRENT_PROJECT_VERSION = 1;
				DEBUG_INFORMATION_FORMAT = "dwarf-with-dsym";
				ENABLE_NS_ASSERTIONS = NO;
				ENABLE_STRICT_OBJC_MSGSEND = YES;
				GCC_C_LANGUAGE_STANDARD = gnu11;
				GCC_NO_COMMON_BLOCKS = YES;
				GCC_WARN_64_TO_32_BIT_CONVERSION = YES;
				GCC_WARN_ABOUT_RETURN_TYPE = YES_ERROR;
				GCC_WARN_UNDECLARED_SELECTOR = YES;
				GCC_WARN_UNINITIALIZED_AUTOS = YES_AGGRESSIVE;
				GCC_WARN_UNUSED_FUNCTION = YES;
				GCC_WARN_UNUSED_VARIABLE = YES;
				IPHONEOS_DEPLOYMENT_TARGET = 11.2;
				MTL_ENABLE_DEBUG_INFO = NO;
				SDKROOT = iphoneos;
				SWIFT_OPTIMIZATION_LEVEL = "-Owholemodule";
				SWIFT_VERSION = 4.2;
				VALIDATE_PRODUCT = YES;
				VERSIONING_SYSTEM = "apple-generic";
				VERSION_INFO_PREFIX = "";
			};
			name = Release;
		};
		C34A686C204FFE52009E3D83 /* Debug */ = {
			isa = XCBuildConfiguration;
			buildSettings = {
				CLANG_ENABLE_MODULES = YES;
				CODE_SIGN_IDENTITY = "";
				CODE_SIGN_STYLE = Automatic;
				DEFINES_MODULE = YES;
				DEVELOPMENT_TEAM = KH7U9B5DS2;
				DYLIB_COMPATIBILITY_VERSION = 1;
				DYLIB_CURRENT_VERSION = 1;
				DYLIB_INSTALL_NAME_BASE = "@rpath";
				FRAMEWORK_SEARCH_PATHS = (
					"$(inherited)",
					"$(PROJECT_DIR)/Carthage/Build/iOS",
					"$(PROJECT_DIR)/Dependencies/iOS",
				);
				INFOPLIST_FILE = ProntoSDK/Info.plist;
				INSTALL_PATH = "$(LOCAL_LIBRARY_DIR)/Frameworks";
				LD_RUNPATH_SEARCH_PATHS = "$(inherited) @executable_path/Frameworks @loader_path/Frameworks";
				PRODUCT_BUNDLE_IDENTIFIER = com.esites.pronto;
				PRODUCT_NAME = "$(TARGET_NAME:c99extidentifier)";
				SKIP_INSTALL = YES;
				SWIFT_OPTIMIZATION_LEVEL = "-Onone";
				TARGETED_DEVICE_FAMILY = "1,2";
			};
			name = Debug;
		};
		C34A686D204FFE52009E3D83 /* Release */ = {
			isa = XCBuildConfiguration;
			buildSettings = {
				CLANG_ENABLE_MODULES = YES;
				CODE_SIGN_IDENTITY = "";
				CODE_SIGN_STYLE = Automatic;
				DEFINES_MODULE = YES;
				DEVELOPMENT_TEAM = KH7U9B5DS2;
				DYLIB_COMPATIBILITY_VERSION = 1;
				DYLIB_CURRENT_VERSION = 1;
				DYLIB_INSTALL_NAME_BASE = "@rpath";
				FRAMEWORK_SEARCH_PATHS = (
					"$(inherited)",
					"$(PROJECT_DIR)/Carthage/Build/iOS",
					"$(PROJECT_DIR)/Dependencies/iOS",
				);
				INFOPLIST_FILE = ProntoSDK/Info.plist;
				INSTALL_PATH = "$(LOCAL_LIBRARY_DIR)/Frameworks";
				LD_RUNPATH_SEARCH_PATHS = "$(inherited) @executable_path/Frameworks @loader_path/Frameworks";
				PRODUCT_BUNDLE_IDENTIFIER = com.esites.pronto;
				PRODUCT_NAME = "$(TARGET_NAME:c99extidentifier)";
				SKIP_INSTALL = YES;
				TARGETED_DEVICE_FAMILY = "1,2";
			};
			name = Release;
		};
		C34A686F204FFE52009E3D83 /* Debug */ = {
			isa = XCBuildConfiguration;
			buildSettings = {
				CODE_SIGN_STYLE = Automatic;
				DEVELOPMENT_TEAM = KH7U9B5DS2;
				FRAMEWORK_SEARCH_PATHS = (
					"$(inherited)",
					"$(PROJECT_DIR)/Carthage/Build/iOS",
					"$(PROJECT_DIR)/Dependencies/iOS",
				);
				INFOPLIST_FILE = ProntoSDKTests/Info.plist;
				LD_RUNPATH_SEARCH_PATHS = "$(inherited) @executable_path/Frameworks @loader_path/Frameworks $(PROJECT_DIR)/Carthage/Build/iOS";
				PRODUCT_BUNDLE_IDENTIFIER = com.esites.ProntoSDKTests;
				PRODUCT_NAME = "$(TARGET_NAME)";
				TARGETED_DEVICE_FAMILY = "1,2";
			};
			name = Debug;
		};
		C34A6870204FFE52009E3D83 /* Release */ = {
			isa = XCBuildConfiguration;
			buildSettings = {
				CODE_SIGN_STYLE = Automatic;
				DEVELOPMENT_TEAM = KH7U9B5DS2;
				FRAMEWORK_SEARCH_PATHS = (
					"$(inherited)",
					"$(PROJECT_DIR)/Carthage/Build/iOS",
					"$(PROJECT_DIR)/Dependencies/iOS",
				);
				INFOPLIST_FILE = ProntoSDKTests/Info.plist;
				LD_RUNPATH_SEARCH_PATHS = "$(inherited) @executable_path/Frameworks @loader_path/Frameworks $(PROJECT_DIR)/Carthage/Build/iOS";
				PRODUCT_BUNDLE_IDENTIFIER = com.esites.ProntoSDKTests;
				PRODUCT_NAME = "$(TARGET_NAME)";
				TARGETED_DEVICE_FAMILY = "1,2";
			};
			name = Release;
		};
/* End XCBuildConfiguration section */

/* Begin XCConfigurationList section */
		C34A6851204FFE51009E3D83 /* Build configuration list for PBXProject "ProntoSDK" */ = {
			isa = XCConfigurationList;
			buildConfigurations = (
				C34A6869204FFE52009E3D83 /* Debug */,
				C34A686A204FFE52009E3D83 /* Release */,
			);
			defaultConfigurationIsVisible = 0;
			defaultConfigurationName = Release;
		};
		C34A686B204FFE52009E3D83 /* Build configuration list for PBXNativeTarget "ProntoSDK" */ = {
			isa = XCConfigurationList;
			buildConfigurations = (
				C34A686C204FFE52009E3D83 /* Debug */,
				C34A686D204FFE52009E3D83 /* Release */,
			);
			defaultConfigurationIsVisible = 0;
			defaultConfigurationName = Release;
		};
		C34A686E204FFE52009E3D83 /* Build configuration list for PBXNativeTarget "ProntoSDKTests" */ = {
			isa = XCConfigurationList;
			buildConfigurations = (
				C34A686F204FFE52009E3D83 /* Debug */,
				C34A6870204FFE52009E3D83 /* Release */,
			);
			defaultConfigurationIsVisible = 0;
			defaultConfigurationName = Release;
		};
/* End XCConfigurationList section */
	};
	rootObject = C34A684E204FFE51009E3D83 /* Project object */;
}
